PODS:
  - AFDownloadRequestOperation (2.0.1):
    - AFNetworking (~> 2.0)
  - AFNetworking (2.6.3):
    - AFNetworking/NSURLConnection (= 2.6.3)
    - AFNetworking/NSURLSession (= 2.6.3)
    - AFNetworking/Reachability (= 2.6.3)
    - AFNetworking/Security (= 2.6.3)
    - AFNetworking/Serialization (= 2.6.3)
    - AFNetworking/UIKit (= 2.6.3)
  - AFNetworking/NSURLConnection (2.6.3):
    - AFNetworking/Reachability
    - AFNetworking/Security
    - AFNetworking/Serialization
  - AFNetworking/NSURLSession (2.6.3):
    - AFNetworking/Reachability
    - AFNetworking/Security
    - AFNetworking/Serialization
  - AFNetworking/Reachability (2.6.3)
  - AFNetworking/Security (2.6.3)
  - AFNetworking/Serialization (2.6.3)
  - AFNetworking/UIKit (2.6.3):
    - AFNetworking/NSURLConnection
    - AFNetworking/NSURLSession
  - AMap3DMap (6.0.0):
    - AMapFoundation (~> 1.4)
  - AMapFoundation (1.4.3)
  - AMapLocation (2.6.0):
    - AMapFoundation (~> 1.4)
  - AMapNavi (6.0.0):
    - AMap3DMap (>= 6.0.0)
    - AMapFoundation (~> 1.4)
  - DZNEmptyDataSet (1.8.1)
  - IQKeyboardManager (5.0.8)
  - Masonry (0.6.4)
  - MJRefresh (3.0.8)
  - ReactiveObjC (3.1.0)
  - Realm (3.1.1):
    - Realm/Headers (= 3.1.1)
  - Realm/Headers (3.1.1)
  - SDWebImage (3.7.6):
    - SDWebImage/Core (= 3.7.6)
  - SDWebImage/Core (3.7.6)
  - SVProgressHUD (2.2.5)
  - YTKNetwork (1.0.0):
    - AFDownloadRequestOperation (~> 2.0)
    - AFNetworking (~> 2.0)
  - YYModel (0.9.12)

DEPENDENCIES:
  - AMap3DMap
  - AMapLocation
  - AMapNavi
  - DZNEmptyDataSet (~> 1.8.1)
  - IQKeyboardManager (~> 5.0.7)
  - Masonry (~> 0.6.3)
  - MJRefresh (~> 3.0.7)
  - ReactiveObjC (~> 3.1.0)
  - Realm (~> 3.1.0)
  - SDWebImage (~> 3.7.3)
  - SVProgressHUD (~> 2.2.5)
  - YTKNetwork (~> 1.0.0)
  - YYModel (~> 0.9.5)

SPEC CHECKSUMS:
  AFDownloadRequestOperation: 748a1643423e1ddb23f2178f778087d4f0ae8ac7
  AFNetworking: cb8d14a848e831097108418f5d49217339d4eb60
  AMap3DMap: ee8172d81560e9f6548d6e6010444df7e3d00fc7
  AMapFoundation: 973682cfe60b92efd73a8ef8f1144fa0fa8e1296
  AMapLocation: 55116a2c8956eab7550cbb56e989aa5cdcc424e3
  AMapNavi: 4d75c4ff83abd50959530e95c6da439e5b9fc06a
  DZNEmptyDataSet: 9525833b9e68ac21c30253e1d3d7076cc828eaa7
  IQKeyboardManager: 266cb7b1d11f94a3e71229d77f960f9a1b538e5b
  Masonry: 281802d04d787ea2973179ee8bcb50500579ede2
  MJRefresh: fafde8f18f4afd66b434331a9beb67a6c0264056
  ReactiveObjC: 2a38ea15335de4119d8b17caf1db1484f61db902
  Realm: 42d1c38a5b1bbcc828b48a7ce702cb86fc68adf4
  SDWebImage: c325cf02c30337336b95beff20a13df489ec0ec9
  SVProgressHUD: 1428aafac632c1f86f62aa4243ec12008d7a51d6
  YTKNetwork: 28ef7a3c119f61e737a76abbe74ff2fe1afec913
  YYModel: 33a27f41a995f4c36ff8178421bac9f221a9c7ea

PODFILE CHECKSUM: d1b46ccfe39aa077b66b1814082f99011bb6d2e4

COCOAPODS: 1.4.0
