// !$*UTF8*$!
{
	archiveVersion = 1;
	classes = {
	};
	objectVersion = 48;
	objects = {

/* Begin PBXBuildFile section */
		18035E98208445E200181ABE /* VMSetupViewController.m in Sources */ = {isa = PBXBuildFile; fileRef = 18035E91208445E200181ABE /* VMSetupViewController.m */; };
		18035E99208445E200181ABE /* VMSetupTableViewCell.xib in Resources */ = {isa = PBXBuildFile; fileRef = 18035E93208445E200181ABE /* VMSetupTableViewCell.xib */; };
		18035E9A208445E200181ABE /* VMSetupTableViewCell.m in Sources */ = {isa = PBXBuildFile; fileRef = 18035E95208445E200181ABE /* VMSetupTableViewCell.m */; };
		18035E9B208445E200181ABE /* VMSetupViewController.xib in Resources */ = {isa = PBXBuildFile; fileRef = 18035E96208445E200181ABE /* VMSetupViewController.xib */; };
		180A84A220F4814B0001C1B4 /* VMRegisterViewController.m in Sources */ = {isa = PBXBuildFile; fileRef = 180A84A020F4814B0001C1B4 /* VMRegisterViewController.m */; };
		180A84A320F4814B0001C1B4 /* VMRegisterViewController.xib in Resources */ = {isa = PBXBuildFile; fileRef = 180A84A120F4814B0001C1B4 /* VMRegisterViewController.xib */; };
		180A84A720F48B720001C1B4 /* VMForgetViewController.m in Sources */ = {isa = PBXBuildFile; fileRef = 180A84A520F48B720001C1B4 /* VMForgetViewController.m */; };
		180A84A820F48B720001C1B4 /* VMForgetViewController.xib in Resources */ = {isa = PBXBuildFile; fileRef = 180A84A620F48B720001C1B4 /* VMForgetViewController.xib */; };
		180A84AB20F493FF0001C1B4 /* VMRegisterAPI.m in Sources */ = {isa = PBXBuildFile; fileRef = 180A84AA20F493FF0001C1B4 /* VMRegisterAPI.m */; };
		1832BF182071DE1B00FC83B0 /* VMWaitPickUpTableViewCell.m in Sources */ = {isa = PBXBuildFile; fileRef = 1832BF152071DE1A00FC83B0 /* VMWaitPickUpTableViewCell.m */; };
		1832BF192071DE1B00FC83B0 /* VMWaitPickUpTableViewCell.xib in Resources */ = {isa = PBXBuildFile; fileRef = 1832BF172071DE1A00FC83B0 /* VMWaitPickUpTableViewCell.xib */; };
		1832BF1F20720FFC00FC83B0 /* VMPersonalCenterViewController.m in Sources */ = {isa = PBXBuildFile; fileRef = 1832BF1D20720FFC00FC83B0 /* VMPersonalCenterViewController.m */; };
		1832BF2020720FFC00FC83B0 /* VMPersonalCenterViewController.xib in Resources */ = {isa = PBXBuildFile; fileRef = 1832BF1E20720FFC00FC83B0 /* VMPersonalCenterViewController.xib */; };
		1832BF25207215FC00FC83B0 /* VMPersonalCenterTableViewCell.m in Sources */ = {isa = PBXBuildFile; fileRef = 1832BF23207215FC00FC83B0 /* VMPersonalCenterTableViewCell.m */; };
		1832BF26207215FC00FC83B0 /* VMPersonalCenterTableViewCell.xib in Resources */ = {isa = PBXBuildFile; fileRef = 1832BF24207215FC00FC83B0 /* VMPersonalCenterTableViewCell.xib */; };
		1832BF66207317F000FC83B0 /* VMHelpViewController.m in Sources */ = {isa = PBXBuildFile; fileRef = 1832BF64207317F000FC83B0 /* VMHelpViewController.m */; };
		1832BF67207317F000FC83B0 /* VMHelpViewController.xib in Resources */ = {isa = PBXBuildFile; fileRef = 1832BF65207317F000FC83B0 /* VMHelpViewController.xib */; };
		1832BF6C20734C3500FC83B0 /* VMMessageCenterViewController.m in Sources */ = {isa = PBXBuildFile; fileRef = 1832BF6A20734C3500FC83B0 /* VMMessageCenterViewController.m */; };
		1832BF7220734C9000FC83B0 /* VMMessageCenterTableViewCell.m in Sources */ = {isa = PBXBuildFile; fileRef = 1832BF7020734C9000FC83B0 /* VMMessageCenterTableViewCell.m */; };
		1832BF7320734C9000FC83B0 /* VMMessageCenterTableViewCell.xib in Resources */ = {isa = PBXBuildFile; fileRef = 1832BF7120734C9000FC83B0 /* VMMessageCenterTableViewCell.xib */; };
		1832BF7720735A2900FC83B0 /* VMMessageDetailViewController.m in Sources */ = {isa = PBXBuildFile; fileRef = 1832BF7520735A2900FC83B0 /* VMMessageDetailViewController.m */; };
		1832BF7820735A2900FC83B0 /* VMMessageDetailViewController.xib in Resources */ = {isa = PBXBuildFile; fileRef = 1832BF7620735A2900FC83B0 /* VMMessageDetailViewController.xib */; };
		1832BF822073659600FC83B0 /* VMSelectAgentViewController.m in Sources */ = {isa = PBXBuildFile; fileRef = 1832BF7F2073659600FC83B0 /* VMSelectAgentViewController.m */; };
		1832BF88207367B700FC83B0 /* VMSelectAgentViewTableViewCell.m in Sources */ = {isa = PBXBuildFile; fileRef = 1832BF86207367B700FC83B0 /* VMSelectAgentViewTableViewCell.m */; };
		1832BF89207367B700FC83B0 /* VMSelectAgentViewTableViewCell.xib in Resources */ = {isa = PBXBuildFile; fileRef = 1832BF87207367B700FC83B0 /* VMSelectAgentViewTableViewCell.xib */; };
		1832BF8C2074AD3500FC83B0 /* VMTabBarView.m in Sources */ = {isa = PBXBuildFile; fileRef = 1832BF8B2074AD3500FC83B0 /* VMTabBarView.m */; };
		185B1DD6206E092700816924 /* CustomerTabBarView.m in Sources */ = {isa = PBXBuildFile; fileRef = 185B1DD5206E092700816924 /* CustomerTabBarView.m */; };
		185B1DDA206E096300816924 /* CustomerTabBarView.xib in Resources */ = {isa = PBXBuildFile; fileRef = 185B1DD9206E096300816924 /* CustomerTabBarView.xib */; };
		185B1DDD206E0DA600816924 /* VMTabBarController.m in Sources */ = {isa = PBXBuildFile; fileRef = 185B1DDC206E0DA600816924 /* VMTabBarController.m */; };
		185B1DE0206E0EAF00816924 /* VMCustomTabBar.m in Sources */ = {isa = PBXBuildFile; fileRef = 185B1DDF206E0EAF00816924 /* VMCustomTabBar.m */; };
		185B1DE7206E11FC00816924 /* VMNewTaskViewController.m in Sources */ = {isa = PBXBuildFile; fileRef = 185B1DE6206E11FC00816924 /* VMNewTaskViewController.m */; };
		185B1DEA206E154200816924 /* VMNavigationController.m in Sources */ = {isa = PBXBuildFile; fileRef = 185B1DE9206E154200816924 /* VMNavigationController.m */; };
		185B1DED206E15D000816924 /* VMWaitPickUpViewController.m in Sources */ = {isa = PBXBuildFile; fileRef = 185B1DEC206E15D000816924 /* VMWaitPickUpViewController.m */; };
		185B1DF0206E15E600816924 /* VMDeliveryOrderViewController.m in Sources */ = {isa = PBXBuildFile; fileRef = 185B1DEF206E15E600816924 /* VMDeliveryOrderViewController.m */; };
		185B1DF3206E161900816924 /* BaseTableViewController.m in Sources */ = {isa = PBXBuildFile; fileRef = 185B1DF1206E161800816924 /* BaseTableViewController.m */; };
		185B1DF8206E24CD00816924 /* VMNewTaskTableViewCell.m in Sources */ = {isa = PBXBuildFile; fileRef = 185B1DF6206E24CD00816924 /* VMNewTaskTableViewCell.m */; };
		185B1DF9206E24CD00816924 /* VMNewTaskTableViewCell.xib in Resources */ = {isa = PBXBuildFile; fileRef = 185B1DF7206E24CD00816924 /* VMNewTaskTableViewCell.xib */; };
		187557342122ABC800D3ABD2 /* VMGetVerificationCodeRequest.m in Sources */ = {isa = PBXBuildFile; fileRef = 187557332122ABC800D3ABD2 /* VMGetVerificationCodeRequest.m */; };
		187557372122AEA700D3ABD2 /* VMForgetPasswordAPI.m in Sources */ = {isa = PBXBuildFile; fileRef = 187557362122AEA700D3ABD2 /* VMForgetPasswordAPI.m */; };
		1875573A2122C7DE00D3ABD2 /* VMSearchLocationTools.m in Sources */ = {isa = PBXBuildFile; fileRef = 187557392122C7DE00D3ABD2 /* VMSearchLocationTools.m */; };
		187557402122D4D100D3ABD2 /* VMGetUserLocation.m in Sources */ = {isa = PBXBuildFile; fileRef = 1875573F2122D4D100D3ABD2 /* VMGetUserLocation.m */; };
		187557432122DD5C00D3ABD2 /* VMGetLocationDistanceTools.m in Sources */ = {isa = PBXBuildFile; fileRef = 187557422122DD5C00D3ABD2 /* VMGetLocationDistanceTools.m */; };
		18CC2212206CBBED007E1274 /* AppDelegate.m in Sources */ = {isa = PBXBuildFile; fileRef = 18CC2211206CBBED007E1274 /* AppDelegate.m */; };
		18CC221A206CBBED007E1274 /* Assets.xcassets in Resources */ = {isa = PBXBuildFile; fileRef = 18CC2219206CBBED007E1274 /* Assets.xcassets */; };
		18CC2220206CBBED007E1274 /* main.m in Sources */ = {isa = PBXBuildFile; fileRef = 18CC221F206CBBED007E1274 /* main.m */; };
		18CC2240206CD5E9007E1274 /* BaseViewController.m in Sources */ = {isa = PBXBuildFile; fileRef = 18CC2237206CD5E9007E1274 /* BaseViewController.m */; };
		18CC2242206CD5E9007E1274 /* CommonTools.m in Sources */ = {isa = PBXBuildFile; fileRef = 18CC223D206CD5E9007E1274 /* CommonTools.m */; };
		18D99F37207B11E100DAFB5F /* VMFinishedTableHeadView.m in Sources */ = {isa = PBXBuildFile; fileRef = 18D99F36207B11E100DAFB5F /* VMFinishedTableHeadView.m */; };
		18D99F3B207B120400DAFB5F /* VMFinishedTableHeadView.xib in Resources */ = {isa = PBXBuildFile; fileRef = 18D99F3A207B120400DAFB5F /* VMFinishedTableHeadView.xib */; };
		18D99F40207B3D2800DAFB5F /* VMFinishedTableViewCell.m in Sources */ = {isa = PBXBuildFile; fileRef = 18D99F3E207B3D2800DAFB5F /* VMFinishedTableViewCell.m */; };
		18D99F41207B3D2800DAFB5F /* VMFinishedTableViewCell.xib in Resources */ = {isa = PBXBuildFile; fileRef = 18D99F3F207B3D2800DAFB5F /* VMFinishedTableViewCell.xib */; };
		18D99F46207B4C4800DAFB5F /* VMEvaluationTableViewController.m in Sources */ = {isa = PBXBuildFile; fileRef = 18D99F45207B4C4800DAFB5F /* VMEvaluationTableViewController.m */; };
		18D99F4B207B4C8000DAFB5F /* VMEvaluationTopView.m in Sources */ = {isa = PBXBuildFile; fileRef = 18D99F4A207B4C8000DAFB5F /* VMEvaluationTopView.m */; };
		18D99F4F207B4C9D00DAFB5F /* VMEvaluationTableViewCell.m in Sources */ = {isa = PBXBuildFile; fileRef = 18D99F4D207B4C9D00DAFB5F /* VMEvaluationTableViewCell.m */; };
		18D99F50207B4C9D00DAFB5F /* VMEvaluationTableViewCell.xib in Resources */ = {isa = PBXBuildFile; fileRef = 18D99F4E207B4C9D00DAFB5F /* VMEvaluationTableViewCell.xib */; };
		18D99F54207B4CB500DAFB5F /* VMEvaluationTopView.xib in Resources */ = {isa = PBXBuildFile; fileRef = 18D99F53207B4CB500DAFB5F /* VMEvaluationTopView.xib */; };
		18D99F58207B4F2000DAFB5F /* XHStarRateView.m in Sources */ = {isa = PBXBuildFile; fileRef = 18D99F57207B4F1F00DAFB5F /* XHStarRateView.m */; };
		18EBA9DC20F1B6D500A6A6B0 /* VMResponseModel.m in Sources */ = {isa = PBXBuildFile; fileRef = 18EBA9D820F1B6D500A6A6B0 /* VMResponseModel.m */; };
		18EBA9DD20F1B6D500A6A6B0 /* VMBaseRequest.m in Sources */ = {isa = PBXBuildFile; fileRef = 18EBA9DB20F1B6D500A6A6B0 /* VMBaseRequest.m */; };
		18EBA9E020F1B7D400A6A6B0 /* VMBaseModel.m in Sources */ = {isa = PBXBuildFile; fileRef = 18EBA9DE20F1B7D400A6A6B0 /* VMBaseModel.m */; };
		18EBA9E420F1BB8E00A6A6B0 /* VMLoginRequestAPI.m in Sources */ = {isa = PBXBuildFile; fileRef = 18EBA9E320F1BB8E00A6A6B0 /* VMLoginRequestAPI.m */; };
		18EBA9E720F1C76300A6A6B0 /* VMLoginUserInfoModel.m in Sources */ = {isa = PBXBuildFile; fileRef = 18EBA9E620F1C76300A6A6B0 /* VMLoginUserInfoModel.m */; };
		18EBA9EA20F1C88000A6A6B0 /* VMNewTaskListAPI.m in Sources */ = {isa = PBXBuildFile; fileRef = 18EBA9E920F1C88000A6A6B0 /* VMNewTaskListAPI.m */; };
		18EBA9ED20F1CA6300A6A6B0 /* VMGetEvaluationListAPI.m in Sources */ = {isa = PBXBuildFile; fileRef = 18EBA9EC20F1CA6300A6A6B0 /* VMGetEvaluationListAPI.m */; };
		18EBA9F020F1E16500A6A6B0 /* VMGetMessageCenterListAPI.m in Sources */ = {isa = PBXBuildFile; fileRef = 18EBA9EF20F1E16500A6A6B0 /* VMGetMessageCenterListAPI.m */; };
		18EBA9F320F1E1DA00A6A6B0 /* VMGetPersonalInfoAPI.m in Sources */ = {isa = PBXBuildFile; fileRef = 18EBA9F220F1E1DA00A6A6B0 /* VMGetPersonalInfoAPI.m */; };
		18EBA9F620F1E2A100A6A6B0 /* VMGetOrderStatisticsListAPI.m in Sources */ = {isa = PBXBuildFile; fileRef = 18EBA9F520F1E2A100A6A6B0 /* VMGetOrderStatisticsListAPI.m */; };
		18EBA9F920F1E39D00A6A6B0 /* VMGetEvaluationInfoAPI.m in Sources */ = {isa = PBXBuildFile; fileRef = 18EBA9F820F1E39D00A6A6B0 /* VMGetEvaluationInfoAPI.m */; };
		18EBA9FC20F1E80100A6A6B0 /* VMGetTablCountAPI.m in Sources */ = {isa = PBXBuildFile; fileRef = 18EBA9FB20F1E80100A6A6B0 /* VMGetTablCountAPI.m */; };
		18EBA9FF20F1E8B000A6A6B0 /* VMGetWaitPickUpListAPI.m in Sources */ = {isa = PBXBuildFile; fileRef = 18EBA9FE20F1E8B000A6A6B0 /* VMGetWaitPickUpListAPI.m */; };
		18EBAA0220F1EB0700A6A6B0 /* VMDeliveryOrderGetListAPI.m in Sources */ = {isa = PBXBuildFile; fileRef = 18EBAA0120F1EB0700A6A6B0 /* VMDeliveryOrderGetListAPI.m */; };
		18EBAA0520F1EC9100A6A6B0 /* VMGetFinishedOrderTabCountAPi.m in Sources */ = {isa = PBXBuildFile; fileRef = 18EBAA0420F1EC9100A6A6B0 /* VMGetFinishedOrderTabCountAPi.m */; };
		18EBAA0820F1EF7D00A6A6B0 /* VMGetFinishedOrderListAPI.m in Sources */ = {isa = PBXBuildFile; fileRef = 18EBAA0720F1EF7D00A6A6B0 /* VMGetFinishedOrderListAPI.m */; };
		18EBAA0B20F1F0AC00A6A6B0 /* VMGetFinishedOrderCancleListAPI.m in Sources */ = {isa = PBXBuildFile; fileRef = 18EBAA0A20F1F0AC00A6A6B0 /* VMGetFinishedOrderCancleListAPI.m */; };
		18EE075720F88D5500D2CC80 /* VMNewTaskItemModel.m in Sources */ = {isa = PBXBuildFile; fileRef = 18EE075620F88D5500D2CC80 /* VMNewTaskItemModel.m */; };
		18EE075B20FB179400D2CC80 /* VMMessageCenterModel.m in Sources */ = {isa = PBXBuildFile; fileRef = 18EE075A20FB179400D2CC80 /* VMMessageCenterModel.m */; };
		18EE075F20FB1E4000D2CC80 /* VMOrderStatisticsModel.m in Sources */ = {isa = PBXBuildFile; fileRef = 18EE075E20FB1E4000D2CC80 /* VMOrderStatisticsModel.m */; };
		18F7AA012079FE52009A4D4E /* VMLoginViewController.m in Sources */ = {isa = PBXBuildFile; fileRef = 18F7A9FF2079FE52009A4D4E /* VMLoginViewController.m */; };
		18F7AA022079FE52009A4D4E /* VMLoginViewController.xib in Resources */ = {isa = PBXBuildFile; fileRef = 18F7AA002079FE52009A4D4E /* VMLoginViewController.xib */; };
		18F7AA07207A062F009A4D4E /* VMFinishedOrderViewController.m in Sources */ = {isa = PBXBuildFile; fileRef = 18F7AA05207A062F009A4D4E /* VMFinishedOrderViewController.m */; };
		18F7AA08207A062F009A4D4E /* VMFinishedOrderViewController.xib in Resources */ = {isa = PBXBuildFile; fileRef = 18F7AA06207A062F009A4D4E /* VMFinishedOrderViewController.xib */; };
		18F7AA0C207A0DC2009A4D4E /* VMFinishedTableViewController.m in Sources */ = {isa = PBXBuildFile; fileRef = 18F7AA0A207A0DC2009A4D4E /* VMFinishedTableViewController.m */; };
		18FDAFA9207CB93A008AE54E /* VMOrderStatisticsViewController.m in Sources */ = {isa = PBXBuildFile; fileRef = 18FDAFA8207CB93A008AE54E /* VMOrderStatisticsViewController.m */; };
		18FDAFAD207CBA07008AE54E /* VMVMOrderStatisticsTableHeaderView.m in Sources */ = {isa = PBXBuildFile; fileRef = 18FDAFAC207CBA07008AE54E /* VMVMOrderStatisticsTableHeaderView.m */; };
		18FDAFAF207CBA27008AE54E /* VMVMOrderStatisticsTableHeaderView.xib in Resources */ = {isa = PBXBuildFile; fileRef = 18FDAFAE207CBA27008AE54E /* VMVMOrderStatisticsTableHeaderView.xib */; };
		18FDAFB4207CBD16008AE54E /* VMVMOrderStatisticsTableViewCell.m in Sources */ = {isa = PBXBuildFile; fileRef = 18FDAFB2207CBD16008AE54E /* VMVMOrderStatisticsTableViewCell.m */; };
		18FDAFB5207CBD16008AE54E /* VMVMOrderStatisticsTableViewCell.xib in Resources */ = {isa = PBXBuildFile; fileRef = 18FDAFB3207CBD16008AE54E /* VMVMOrderStatisticsTableViewCell.xib */; };
		18FDAFBE207DF472008AE54E /* VMOrderDetailViewController.m in Sources */ = {isa = PBXBuildFile; fileRef = 18FDAFBC207DF472008AE54E /* VMOrderDetailViewController.m */; };
		18FDAFBF207DF472008AE54E /* VMOrderDetailViewController.xib in Resources */ = {isa = PBXBuildFile; fileRef = 18FDAFBD207DF472008AE54E /* VMOrderDetailViewController.xib */; };
		18FDAFC3207DFF67008AE54E /* VMOrderDetailTableHeaderView.m in Sources */ = {isa = PBXBuildFile; fileRef = 18FDAFC2207DFF67008AE54E /* VMOrderDetailTableHeaderView.m */; };
		18FDAFC5207DFF76008AE54E /* VMOrderDetailTableHeaderView.xib in Resources */ = {isa = PBXBuildFile; fileRef = 18FDAFC4207DFF76008AE54E /* VMOrderDetailTableHeaderView.xib */; };
		18FDAFCA207EFCA4008AE54E /* VMOrderDetailTableViewCell.m in Sources */ = {isa = PBXBuildFile; fileRef = 18FDAFC8207EFCA4008AE54E /* VMOrderDetailTableViewCell.m */; };
		18FDAFCB207EFCA4008AE54E /* VMOrderDetailTableViewCell.xib in Resources */ = {isa = PBXBuildFile; fileRef = 18FDAFC9207EFCA4008AE54E /* VMOrderDetailTableViewCell.xib */; };
		18FDAFCF207F01FD008AE54E /* VMOrderTotalTableViewCell.m in Sources */ = {isa = PBXBuildFile; fileRef = 18FDAFCD207F01FD008AE54E /* VMOrderTotalTableViewCell.m */; };
		18FDAFD0207F01FD008AE54E /* VMOrderTotalTableViewCell.xib in Resources */ = {isa = PBXBuildFile; fileRef = 18FDAFCE207F01FD008AE54E /* VMOrderTotalTableViewCell.xib */; };
		18FDAFD4207F0550008AE54E /* VMOrderTrackingTableViewCell.m in Sources */ = {isa = PBXBuildFile; fileRef = 18FDAFD2207F0550008AE54E /* VMOrderTrackingTableViewCell.m */; };
		18FDAFD5207F0550008AE54E /* VMOrderTrackingTableViewCell.xib in Resources */ = {isa = PBXBuildFile; fileRef = 18FDAFD3207F0550008AE54E /* VMOrderTrackingTableViewCell.xib */; };
		18FDAFD9207F0A13008AE54E /* VMSectionHeaderView.m in Sources */ = {isa = PBXBuildFile; fileRef = 18FDAFD8207F0A13008AE54E /* VMSectionHeaderView.m */; };
		18FDAFDB207F0A1F008AE54E /* VMSectionHeaderView.xib in Resources */ = {isa = PBXBuildFile; fileRef = 18FDAFDA207F0A1F008AE54E /* VMSectionHeaderView.xib */; };
		18FDAFDF207F2630008AE54E /* VMOrderDetailTableFooterView.m in Sources */ = {isa = PBXBuildFile; fileRef = 18FDAFDE207F2630008AE54E /* VMOrderDetailTableFooterView.m */; };
		18FDAFE1207F270B008AE54E /* VMOrderDetailTableFooterViewDefault.xib in Resources */ = {isa = PBXBuildFile; fileRef = 18FDAFE0207F270B008AE54E /* VMOrderDetailTableFooterViewDefault.xib */; };
		18FDAFE3207F2872008AE54E /* VMOrderDetailTableFooterViewOther.xib in Resources */ = {isa = PBXBuildFile; fileRef = 18FDAFE2207F2872008AE54E /* VMOrderDetailTableFooterViewOther.xib */; };
		18FDAFE8207F3EE3008AE54E /* VMUserLocationViewController.m in Sources */ = {isa = PBXBuildFile; fileRef = 18FDAFE7207F3EE3008AE54E /* VMUserLocationViewController.m */; };
		18FDAFEC20805B59008AE54E /* VMDatePicker.m in Sources */ = {isa = PBXBuildFile; fileRef = 18FDAFEB20805B59008AE54E /* VMDatePicker.m */; };
		18FDAFF020805B7E008AE54E /* VMDatePicker.xib in Resources */ = {isa = PBXBuildFile; fileRef = 18FDAFEF20805B7E008AE54E /* VMDatePicker.xib */; };
		89F31D8AC665279E1A817B70 /* Pods_VegetableManagement.framework in Frameworks */ = {isa = PBXBuildFile; fileRef = D83F405C6F6A6BB5575622E0 /* Pods_VegetableManagement.framework */; };
/* End PBXBuildFile section */

/* Begin PBXFileReference section */
		18035E91208445E200181ABE /* VMSetupViewController.m */ = {isa = PBXFileReference; fileEncoding = 4; lastKnownFileType = sourcecode.c.objc; path = VMSetupViewController.m; sourceTree = "<group>"; };
		18035E93208445E200181ABE /* VMSetupTableViewCell.xib */ = {isa = PBXFileReference; fileEncoding = 4; lastKnownFileType = file.xib; path = VMSetupTableViewCell.xib; sourceTree = "<group>"; };
		18035E94208445E200181ABE /* VMSetupTableViewCell.h */ = {isa = PBXFileReference; fileEncoding = 4; lastKnownFileType = sourcecode.c.h; path = VMSetupTableViewCell.h; sourceTree = "<group>"; };
		18035E95208445E200181ABE /* VMSetupTableViewCell.m */ = {isa = PBXFileReference; fileEncoding = 4; lastKnownFileType = sourcecode.c.objc; path = VMSetupTableViewCell.m; sourceTree = "<group>"; };
		18035E96208445E200181ABE /* VMSetupViewController.xib */ = {isa = PBXFileReference; fileEncoding = 4; lastKnownFileType = file.xib; path = VMSetupViewController.xib; sourceTree = "<group>"; };
		18035E97208445E200181ABE /* VMSetupViewController.h */ = {isa = PBXFileReference; fileEncoding = 4; lastKnownFileType = sourcecode.c.h; path = VMSetupViewController.h; sourceTree = "<group>"; };
		180A849F20F4814B0001C1B4 /* VMRegisterViewController.h */ = {isa = PBXFileReference; lastKnownFileType = sourcecode.c.h; path = VMRegisterViewController.h; sourceTree = "<group>"; };
		180A84A020F4814B0001C1B4 /* VMRegisterViewController.m */ = {isa = PBXFileReference; lastKnownFileType = sourcecode.c.objc; path = VMRegisterViewController.m; sourceTree = "<group>"; };
		180A84A120F4814B0001C1B4 /* VMRegisterViewController.xib */ = {isa = PBXFileReference; lastKnownFileType = file.xib; path = VMRegisterViewController.xib; sourceTree = "<group>"; };
		180A84A420F48B720001C1B4 /* VMForgetViewController.h */ = {isa = PBXFileReference; lastKnownFileType = sourcecode.c.h; path = VMForgetViewController.h; sourceTree = "<group>"; };
		180A84A520F48B720001C1B4 /* VMForgetViewController.m */ = {isa = PBXFileReference; lastKnownFileType = sourcecode.c.objc; path = VMForgetViewController.m; sourceTree = "<group>"; };
		180A84A620F48B720001C1B4 /* VMForgetViewController.xib */ = {isa = PBXFileReference; lastKnownFileType = file.xib; path = VMForgetViewController.xib; sourceTree = "<group>"; };
		180A84A920F493FF0001C1B4 /* VMRegisterAPI.h */ = {isa = PBXFileReference; lastKnownFileType = sourcecode.c.h; path = VMRegisterAPI.h; sourceTree = "<group>"; };
		180A84AA20F493FF0001C1B4 /* VMRegisterAPI.m */ = {isa = PBXFileReference; lastKnownFileType = sourcecode.c.objc; path = VMRegisterAPI.m; sourceTree = "<group>"; };
		1832BF152071DE1A00FC83B0 /* VMWaitPickUpTableViewCell.m */ = {isa = PBXFileReference; fileEncoding = 4; lastKnownFileType = sourcecode.c.objc; path = VMWaitPickUpTableViewCell.m; sourceTree = "<group>"; };
		1832BF162071DE1A00FC83B0 /* VMWaitPickUpTableViewCell.h */ = {isa = PBXFileReference; fileEncoding = 4; lastKnownFileType = sourcecode.c.h; path = VMWaitPickUpTableViewCell.h; sourceTree = "<group>"; };
		1832BF172071DE1A00FC83B0 /* VMWaitPickUpTableViewCell.xib */ = {isa = PBXFileReference; fileEncoding = 4; lastKnownFileType = file.xib; path = VMWaitPickUpTableViewCell.xib; sourceTree = "<group>"; };
		1832BF1C20720FFC00FC83B0 /* VMPersonalCenterViewController.h */ = {isa = PBXFileReference; lastKnownFileType = sourcecode.c.h; path = VMPersonalCenterViewController.h; sourceTree = "<group>"; };
		1832BF1D20720FFC00FC83B0 /* VMPersonalCenterViewController.m */ = {isa = PBXFileReference; lastKnownFileType = sourcecode.c.objc; path = VMPersonalCenterViewController.m; sourceTree = "<group>"; };
		1832BF1E20720FFC00FC83B0 /* VMPersonalCenterViewController.xib */ = {isa = PBXFileReference; lastKnownFileType = file.xib; path = VMPersonalCenterViewController.xib; sourceTree = "<group>"; };
		1832BF22207215FC00FC83B0 /* VMPersonalCenterTableViewCell.h */ = {isa = PBXFileReference; lastKnownFileType = sourcecode.c.h; path = VMPersonalCenterTableViewCell.h; sourceTree = "<group>"; };
		1832BF23207215FC00FC83B0 /* VMPersonalCenterTableViewCell.m */ = {isa = PBXFileReference; lastKnownFileType = sourcecode.c.objc; path = VMPersonalCenterTableViewCell.m; sourceTree = "<group>"; };
		1832BF24207215FC00FC83B0 /* VMPersonalCenterTableViewCell.xib */ = {isa = PBXFileReference; lastKnownFileType = file.xib; path = VMPersonalCenterTableViewCell.xib; sourceTree = "<group>"; };
		1832BF63207317F000FC83B0 /* VMHelpViewController.h */ = {isa = PBXFileReference; lastKnownFileType = sourcecode.c.h; path = VMHelpViewController.h; sourceTree = "<group>"; };
		1832BF64207317F000FC83B0 /* VMHelpViewController.m */ = {isa = PBXFileReference; lastKnownFileType = sourcecode.c.objc; path = VMHelpViewController.m; sourceTree = "<group>"; };
		1832BF65207317F000FC83B0 /* VMHelpViewController.xib */ = {isa = PBXFileReference; lastKnownFileType = file.xib; path = VMHelpViewController.xib; sourceTree = "<group>"; };
		1832BF6920734C3500FC83B0 /* VMMessageCenterViewController.h */ = {isa = PBXFileReference; lastKnownFileType = sourcecode.c.h; path = VMMessageCenterViewController.h; sourceTree = "<group>"; };
		1832BF6A20734C3500FC83B0 /* VMMessageCenterViewController.m */ = {isa = PBXFileReference; lastKnownFileType = sourcecode.c.objc; path = VMMessageCenterViewController.m; sourceTree = "<group>"; };
		1832BF6F20734C9000FC83B0 /* VMMessageCenterTableViewCell.h */ = {isa = PBXFileReference; lastKnownFileType = sourcecode.c.h; path = VMMessageCenterTableViewCell.h; sourceTree = "<group>"; };
		1832BF7020734C9000FC83B0 /* VMMessageCenterTableViewCell.m */ = {isa = PBXFileReference; lastKnownFileType = sourcecode.c.objc; path = VMMessageCenterTableViewCell.m; sourceTree = "<group>"; };
		1832BF7120734C9000FC83B0 /* VMMessageCenterTableViewCell.xib */ = {isa = PBXFileReference; lastKnownFileType = file.xib; path = VMMessageCenterTableViewCell.xib; sourceTree = "<group>"; };
		1832BF7420735A2900FC83B0 /* VMMessageDetailViewController.h */ = {isa = PBXFileReference; lastKnownFileType = sourcecode.c.h; path = VMMessageDetailViewController.h; sourceTree = "<group>"; };
		1832BF7520735A2900FC83B0 /* VMMessageDetailViewController.m */ = {isa = PBXFileReference; lastKnownFileType = sourcecode.c.objc; path = VMMessageDetailViewController.m; sourceTree = "<group>"; };
		1832BF7620735A2900FC83B0 /* VMMessageDetailViewController.xib */ = {isa = PBXFileReference; lastKnownFileType = file.xib; path = VMMessageDetailViewController.xib; sourceTree = "<group>"; };
		1832BF7F2073659600FC83B0 /* VMSelectAgentViewController.m */ = {isa = PBXFileReference; fileEncoding = 4; lastKnownFileType = sourcecode.c.objc; path = VMSelectAgentViewController.m; sourceTree = "<group>"; };
		1832BF802073659600FC83B0 /* VMSelectAgentViewController.h */ = {isa = PBXFileReference; fileEncoding = 4; lastKnownFileType = sourcecode.c.h; path = VMSelectAgentViewController.h; sourceTree = "<group>"; };
		1832BF85207367B700FC83B0 /* VMSelectAgentViewTableViewCell.h */ = {isa = PBXFileReference; lastKnownFileType = sourcecode.c.h; path = VMSelectAgentViewTableViewCell.h; sourceTree = "<group>"; };
		1832BF86207367B700FC83B0 /* VMSelectAgentViewTableViewCell.m */ = {isa = PBXFileReference; lastKnownFileType = sourcecode.c.objc; path = VMSelectAgentViewTableViewCell.m; sourceTree = "<group>"; };
		1832BF87207367B700FC83B0 /* VMSelectAgentViewTableViewCell.xib */ = {isa = PBXFileReference; lastKnownFileType = file.xib; path = VMSelectAgentViewTableViewCell.xib; sourceTree = "<group>"; };
		1832BF8A2074AD3500FC83B0 /* VMTabBarView.h */ = {isa = PBXFileReference; lastKnownFileType = sourcecode.c.h; path = VMTabBarView.h; sourceTree = "<group>"; };
		1832BF8B2074AD3500FC83B0 /* VMTabBarView.m */ = {isa = PBXFileReference; lastKnownFileType = sourcecode.c.objc; path = VMTabBarView.m; sourceTree = "<group>"; };
		185B1DD4206E092700816924 /* CustomerTabBarView.h */ = {isa = PBXFileReference; lastKnownFileType = sourcecode.c.h; path = CustomerTabBarView.h; sourceTree = "<group>"; };
		185B1DD5206E092700816924 /* CustomerTabBarView.m */ = {isa = PBXFileReference; lastKnownFileType = sourcecode.c.objc; path = CustomerTabBarView.m; sourceTree = "<group>"; };
		185B1DD9206E096300816924 /* CustomerTabBarView.xib */ = {isa = PBXFileReference; lastKnownFileType = file.xib; path = CustomerTabBarView.xib; sourceTree = "<group>"; };
		185B1DDB206E0DA600816924 /* VMTabBarController.h */ = {isa = PBXFileReference; lastKnownFileType = sourcecode.c.h; path = VMTabBarController.h; sourceTree = "<group>"; };
		185B1DDC206E0DA600816924 /* VMTabBarController.m */ = {isa = PBXFileReference; lastKnownFileType = sourcecode.c.objc; path = VMTabBarController.m; sourceTree = "<group>"; };
		185B1DDE206E0EAF00816924 /* VMCustomTabBar.h */ = {isa = PBXFileReference; lastKnownFileType = sourcecode.c.h; path = VMCustomTabBar.h; sourceTree = "<group>"; };
		185B1DDF206E0EAF00816924 /* VMCustomTabBar.m */ = {isa = PBXFileReference; lastKnownFileType = sourcecode.c.objc; path = VMCustomTabBar.m; sourceTree = "<group>"; };
		185B1DE5206E11FC00816924 /* VMNewTaskViewController.h */ = {isa = PBXFileReference; lastKnownFileType = sourcecode.c.h; path = VMNewTaskViewController.h; sourceTree = "<group>"; };
		185B1DE6206E11FC00816924 /* VMNewTaskViewController.m */ = {isa = PBXFileReference; lastKnownFileType = sourcecode.c.objc; path = VMNewTaskViewController.m; sourceTree = "<group>"; };
		185B1DE8206E154200816924 /* VMNavigationController.h */ = {isa = PBXFileReference; lastKnownFileType = sourcecode.c.h; path = VMNavigationController.h; sourceTree = "<group>"; };
		185B1DE9206E154200816924 /* VMNavigationController.m */ = {isa = PBXFileReference; lastKnownFileType = sourcecode.c.objc; path = VMNavigationController.m; sourceTree = "<group>"; };
		185B1DEB206E15D000816924 /* VMWaitPickUpViewController.h */ = {isa = PBXFileReference; lastKnownFileType = sourcecode.c.h; path = VMWaitPickUpViewController.h; sourceTree = "<group>"; };
		185B1DEC206E15D000816924 /* VMWaitPickUpViewController.m */ = {isa = PBXFileReference; lastKnownFileType = sourcecode.c.objc; path = VMWaitPickUpViewController.m; sourceTree = "<group>"; };
		185B1DEE206E15E600816924 /* VMDeliveryOrderViewController.h */ = {isa = PBXFileReference; lastKnownFileType = sourcecode.c.h; path = VMDeliveryOrderViewController.h; sourceTree = "<group>"; };
		185B1DEF206E15E600816924 /* VMDeliveryOrderViewController.m */ = {isa = PBXFileReference; lastKnownFileType = sourcecode.c.objc; path = VMDeliveryOrderViewController.m; sourceTree = "<group>"; };
		185B1DF1206E161800816924 /* BaseTableViewController.m */ = {isa = PBXFileReference; fileEncoding = 4; lastKnownFileType = sourcecode.c.objc; path = BaseTableViewController.m; sourceTree = "<group>"; };
		185B1DF2206E161800816924 /* BaseTableViewController.h */ = {isa = PBXFileReference; fileEncoding = 4; lastKnownFileType = sourcecode.c.h; path = BaseTableViewController.h; sourceTree = "<group>"; };
		185B1DF5206E24CD00816924 /* VMNewTaskTableViewCell.h */ = {isa = PBXFileReference; lastKnownFileType = sourcecode.c.h; path = VMNewTaskTableViewCell.h; sourceTree = "<group>"; };
		185B1DF6206E24CD00816924 /* VMNewTaskTableViewCell.m */ = {isa = PBXFileReference; lastKnownFileType = sourcecode.c.objc; path = VMNewTaskTableViewCell.m; sourceTree = "<group>"; };
		185B1DF7206E24CD00816924 /* VMNewTaskTableViewCell.xib */ = {isa = PBXFileReference; lastKnownFileType = file.xib; path = VMNewTaskTableViewCell.xib; sourceTree = "<group>"; };
		187557322122ABC800D3ABD2 /* VMGetVerificationCodeRequest.h */ = {isa = PBXFileReference; lastKnownFileType = sourcecode.c.h; path = VMGetVerificationCodeRequest.h; sourceTree = "<group>"; };
		187557332122ABC800D3ABD2 /* VMGetVerificationCodeRequest.m */ = {isa = PBXFileReference; lastKnownFileType = sourcecode.c.objc; path = VMGetVerificationCodeRequest.m; sourceTree = "<group>"; };
		187557352122AEA700D3ABD2 /* VMForgetPasswordAPI.h */ = {isa = PBXFileReference; lastKnownFileType = sourcecode.c.h; path = VMForgetPasswordAPI.h; sourceTree = "<group>"; };
		187557362122AEA700D3ABD2 /* VMForgetPasswordAPI.m */ = {isa = PBXFileReference; lastKnownFileType = sourcecode.c.objc; path = VMForgetPasswordAPI.m; sourceTree = "<group>"; };
		187557382122C7DE00D3ABD2 /* VMSearchLocationTools.h */ = {isa = PBXFileReference; lastKnownFileType = sourcecode.c.h; path = VMSearchLocationTools.h; sourceTree = "<group>"; };
		187557392122C7DE00D3ABD2 /* VMSearchLocationTools.m */ = {isa = PBXFileReference; lastKnownFileType = sourcecode.c.objc; path = VMSearchLocationTools.m; sourceTree = "<group>"; };
		1875573E2122D4D100D3ABD2 /* VMGetUserLocation.h */ = {isa = PBXFileReference; lastKnownFileType = sourcecode.c.h; path = VMGetUserLocation.h; sourceTree = "<group>"; };
		1875573F2122D4D100D3ABD2 /* VMGetUserLocation.m */ = {isa = PBXFileReference; lastKnownFileType = sourcecode.c.objc; path = VMGetUserLocation.m; sourceTree = "<group>"; };
		187557412122DD5C00D3ABD2 /* VMGetLocationDistanceTools.h */ = {isa = PBXFileReference; lastKnownFileType = sourcecode.c.h; path = VMGetLocationDistanceTools.h; sourceTree = "<group>"; };
		187557422122DD5C00D3ABD2 /* VMGetLocationDistanceTools.m */ = {isa = PBXFileReference; lastKnownFileType = sourcecode.c.objc; path = VMGetLocationDistanceTools.m; sourceTree = "<group>"; };
		18CC220D206CBBED007E1274 /* VegetableManagement.app */ = {isa = PBXFileReference; explicitFileType = wrapper.application; includeInIndex = 0; path = VegetableManagement.app; sourceTree = BUILT_PRODUCTS_DIR; };
		18CC2210206CBBED007E1274 /* AppDelegate.h */ = {isa = PBXFileReference; lastKnownFileType = sourcecode.c.h; path = AppDelegate.h; sourceTree = "<group>"; };
		18CC2211206CBBED007E1274 /* AppDelegate.m */ = {isa = PBXFileReference; lastKnownFileType = sourcecode.c.objc; path = AppDelegate.m; sourceTree = "<group>"; };
		18CC2219206CBBED007E1274 /* Assets.xcassets */ = {isa = PBXFileReference; lastKnownFileType = folder.assetcatalog; path = Assets.xcassets; sourceTree = "<group>"; };
		18CC221E206CBBED007E1274 /* Info.plist */ = {isa = PBXFileReference; lastKnownFileType = text.plist.xml; path = Info.plist; sourceTree = "<group>"; };
		18CC221F206CBBED007E1274 /* main.m */ = {isa = PBXFileReference; lastKnownFileType = sourcecode.c.objc; path = main.m; sourceTree = "<group>"; };
		18CC2237206CD5E9007E1274 /* BaseViewController.m */ = {isa = PBXFileReference; fileEncoding = 4; lastKnownFileType = sourcecode.c.objc; path = BaseViewController.m; sourceTree = "<group>"; };
		18CC2239206CD5E9007E1274 /* BaseViewController.h */ = {isa = PBXFileReference; fileEncoding = 4; lastKnownFileType = sourcecode.c.h; path = BaseViewController.h; sourceTree = "<group>"; };
		18CC223C206CD5E9007E1274 /* VegetableHeaderFile.pch */ = {isa = PBXFileReference; fileEncoding = 4; lastKnownFileType = sourcecode.c.h; path = VegetableHeaderFile.pch; sourceTree = "<group>"; };
		18CC223D206CD5E9007E1274 /* CommonTools.m */ = {isa = PBXFileReference; fileEncoding = 4; lastKnownFileType = sourcecode.c.objc; path = CommonTools.m; sourceTree = "<group>"; };
		18CC223F206CD5E9007E1274 /* CommonTools.h */ = {isa = PBXFileReference; fileEncoding = 4; lastKnownFileType = sourcecode.c.h; path = CommonTools.h; sourceTree = "<group>"; };
		18D99F35207B11E100DAFB5F /* VMFinishedTableHeadView.h */ = {isa = PBXFileReference; lastKnownFileType = sourcecode.c.h; path = VMFinishedTableHeadView.h; sourceTree = "<group>"; };
		18D99F36207B11E100DAFB5F /* VMFinishedTableHeadView.m */ = {isa = PBXFileReference; lastKnownFileType = sourcecode.c.objc; path = VMFinishedTableHeadView.m; sourceTree = "<group>"; };
		18D99F3A207B120400DAFB5F /* VMFinishedTableHeadView.xib */ = {isa = PBXFileReference; lastKnownFileType = file.xib; path = VMFinishedTableHeadView.xib; sourceTree = "<group>"; };
		18D99F3D207B3D2800DAFB5F /* VMFinishedTableViewCell.h */ = {isa = PBXFileReference; fileEncoding = 4; lastKnownFileType = sourcecode.c.h; path = VMFinishedTableViewCell.h; sourceTree = "<group>"; };
		18D99F3E207B3D2800DAFB5F /* VMFinishedTableViewCell.m */ = {isa = PBXFileReference; fileEncoding = 4; lastKnownFileType = sourcecode.c.objc; path = VMFinishedTableViewCell.m; sourceTree = "<group>"; };
		18D99F3F207B3D2800DAFB5F /* VMFinishedTableViewCell.xib */ = {isa = PBXFileReference; fileEncoding = 4; lastKnownFileType = file.xib; path = VMFinishedTableViewCell.xib; sourceTree = "<group>"; };
		18D99F44207B4C4800DAFB5F /* VMEvaluationTableViewController.h */ = {isa = PBXFileReference; lastKnownFileType = sourcecode.c.h; path = VMEvaluationTableViewController.h; sourceTree = "<group>"; };
		18D99F45207B4C4800DAFB5F /* VMEvaluationTableViewController.m */ = {isa = PBXFileReference; lastKnownFileType = sourcecode.c.objc; path = VMEvaluationTableViewController.m; sourceTree = "<group>"; };
		18D99F49207B4C8000DAFB5F /* VMEvaluationTopView.h */ = {isa = PBXFileReference; lastKnownFileType = sourcecode.c.h; path = VMEvaluationTopView.h; sourceTree = "<group>"; };
		18D99F4A207B4C8000DAFB5F /* VMEvaluationTopView.m */ = {isa = PBXFileReference; lastKnownFileType = sourcecode.c.objc; path = VMEvaluationTopView.m; sourceTree = "<group>"; };
		18D99F4C207B4C9D00DAFB5F /* VMEvaluationTableViewCell.h */ = {isa = PBXFileReference; lastKnownFileType = sourcecode.c.h; path = VMEvaluationTableViewCell.h; sourceTree = "<group>"; };
		18D99F4D207B4C9D00DAFB5F /* VMEvaluationTableViewCell.m */ = {isa = PBXFileReference; lastKnownFileType = sourcecode.c.objc; path = VMEvaluationTableViewCell.m; sourceTree = "<group>"; };
		18D99F4E207B4C9D00DAFB5F /* VMEvaluationTableViewCell.xib */ = {isa = PBXFileReference; lastKnownFileType = file.xib; path = VMEvaluationTableViewCell.xib; sourceTree = "<group>"; };
		18D99F53207B4CB500DAFB5F /* VMEvaluationTopView.xib */ = {isa = PBXFileReference; lastKnownFileType = file.xib; path = VMEvaluationTopView.xib; sourceTree = "<group>"; };
		18D99F56207B4F1F00DAFB5F /* XHStarRateView.h */ = {isa = PBXFileReference; fileEncoding = 4; lastKnownFileType = sourcecode.c.h; path = XHStarRateView.h; sourceTree = "<group>"; };
		18D99F57207B4F1F00DAFB5F /* XHStarRateView.m */ = {isa = PBXFileReference; fileEncoding = 4; lastKnownFileType = sourcecode.c.objc; path = XHStarRateView.m; sourceTree = "<group>"; };
		18EBA9D820F1B6D500A6A6B0 /* VMResponseModel.m */ = {isa = PBXFileReference; fileEncoding = 4; lastKnownFileType = sourcecode.c.objc; path = VMResponseModel.m; sourceTree = "<group>"; };
		18EBA9D920F1B6D500A6A6B0 /* VMBaseRequest.h */ = {isa = PBXFileReference; fileEncoding = 4; lastKnownFileType = sourcecode.c.h; path = VMBaseRequest.h; sourceTree = "<group>"; };
		18EBA9DA20F1B6D500A6A6B0 /* VMResponseModel.h */ = {isa = PBXFileReference; fileEncoding = 4; lastKnownFileType = sourcecode.c.h; path = VMResponseModel.h; sourceTree = "<group>"; };
		18EBA9DB20F1B6D500A6A6B0 /* VMBaseRequest.m */ = {isa = PBXFileReference; fileEncoding = 4; lastKnownFileType = sourcecode.c.objc; path = VMBaseRequest.m; sourceTree = "<group>"; };
		18EBA9DE20F1B7D400A6A6B0 /* VMBaseModel.m */ = {isa = PBXFileReference; fileEncoding = 4; lastKnownFileType = sourcecode.c.objc; path = VMBaseModel.m; sourceTree = "<group>"; };
		18EBA9DF20F1B7D400A6A6B0 /* VMBaseModel.h */ = {isa = PBXFileReference; fileEncoding = 4; lastKnownFileType = sourcecode.c.h; path = VMBaseModel.h; sourceTree = "<group>"; };
		18EBA9E220F1BB8E00A6A6B0 /* VMLoginRequestAPI.h */ = {isa = PBXFileReference; lastKnownFileType = sourcecode.c.h; path = VMLoginRequestAPI.h; sourceTree = "<group>"; };
		18EBA9E320F1BB8E00A6A6B0 /* VMLoginRequestAPI.m */ = {isa = PBXFileReference; lastKnownFileType = sourcecode.c.objc; path = VMLoginRequestAPI.m; sourceTree = "<group>"; };
		18EBA9E520F1C76300A6A6B0 /* VMLoginUserInfoModel.h */ = {isa = PBXFileReference; lastKnownFileType = sourcecode.c.h; path = VMLoginUserInfoModel.h; sourceTree = "<group>"; };
		18EBA9E620F1C76300A6A6B0 /* VMLoginUserInfoModel.m */ = {isa = PBXFileReference; lastKnownFileType = sourcecode.c.objc; path = VMLoginUserInfoModel.m; sourceTree = "<group>"; };
		18EBA9E820F1C88000A6A6B0 /* VMNewTaskListAPI.h */ = {isa = PBXFileReference; lastKnownFileType = sourcecode.c.h; path = VMNewTaskListAPI.h; sourceTree = "<group>"; };
		18EBA9E920F1C88000A6A6B0 /* VMNewTaskListAPI.m */ = {isa = PBXFileReference; lastKnownFileType = sourcecode.c.objc; path = VMNewTaskListAPI.m; sourceTree = "<group>"; };
		18EBA9EB20F1CA6300A6A6B0 /* VMGetEvaluationListAPI.h */ = {isa = PBXFileReference; lastKnownFileType = sourcecode.c.h; path = VMGetEvaluationListAPI.h; sourceTree = "<group>"; };
		18EBA9EC20F1CA6300A6A6B0 /* VMGetEvaluationListAPI.m */ = {isa = PBXFileReference; lastKnownFileType = sourcecode.c.objc; path = VMGetEvaluationListAPI.m; sourceTree = "<group>"; };
		18EBA9EE20F1E16500A6A6B0 /* VMGetMessageCenterListAPI.h */ = {isa = PBXFileReference; lastKnownFileType = sourcecode.c.h; path = VMGetMessageCenterListAPI.h; sourceTree = "<group>"; };
		18EBA9EF20F1E16500A6A6B0 /* VMGetMessageCenterListAPI.m */ = {isa = PBXFileReference; lastKnownFileType = sourcecode.c.objc; path = VMGetMessageCenterListAPI.m; sourceTree = "<group>"; };
		18EBA9F120F1E1DA00A6A6B0 /* VMGetPersonalInfoAPI.h */ = {isa = PBXFileReference; lastKnownFileType = sourcecode.c.h; path = VMGetPersonalInfoAPI.h; sourceTree = "<group>"; };
		18EBA9F220F1E1DA00A6A6B0 /* VMGetPersonalInfoAPI.m */ = {isa = PBXFileReference; lastKnownFileType = sourcecode.c.objc; path = VMGetPersonalInfoAPI.m; sourceTree = "<group>"; };
		18EBA9F420F1E2A100A6A6B0 /* VMGetOrderStatisticsListAPI.h */ = {isa = PBXFileReference; lastKnownFileType = sourcecode.c.h; path = VMGetOrderStatisticsListAPI.h; sourceTree = "<group>"; };
		18EBA9F520F1E2A100A6A6B0 /* VMGetOrderStatisticsListAPI.m */ = {isa = PBXFileReference; lastKnownFileType = sourcecode.c.objc; path = VMGetOrderStatisticsListAPI.m; sourceTree = "<group>"; };
		18EBA9F720F1E39D00A6A6B0 /* VMGetEvaluationInfoAPI.h */ = {isa = PBXFileReference; lastKnownFileType = sourcecode.c.h; path = VMGetEvaluationInfoAPI.h; sourceTree = "<group>"; };
		18EBA9F820F1E39D00A6A6B0 /* VMGetEvaluationInfoAPI.m */ = {isa = PBXFileReference; lastKnownFileType = sourcecode.c.objc; path = VMGetEvaluationInfoAPI.m; sourceTree = "<group>"; };
		18EBA9FA20F1E80100A6A6B0 /* VMGetTablCountAPI.h */ = {isa = PBXFileReference; lastKnownFileType = sourcecode.c.h; path = VMGetTablCountAPI.h; sourceTree = "<group>"; };
		18EBA9FB20F1E80100A6A6B0 /* VMGetTablCountAPI.m */ = {isa = PBXFileReference; lastKnownFileType = sourcecode.c.objc; path = VMGetTablCountAPI.m; sourceTree = "<group>"; };
		18EBA9FD20F1E8B000A6A6B0 /* VMGetWaitPickUpListAPI.h */ = {isa = PBXFileReference; lastKnownFileType = sourcecode.c.h; path = VMGetWaitPickUpListAPI.h; sourceTree = "<group>"; };
		18EBA9FE20F1E8B000A6A6B0 /* VMGetWaitPickUpListAPI.m */ = {isa = PBXFileReference; lastKnownFileType = sourcecode.c.objc; path = VMGetWaitPickUpListAPI.m; sourceTree = "<group>"; };
		18EBAA0020F1EB0700A6A6B0 /* VMDeliveryOrderGetListAPI.h */ = {isa = PBXFileReference; lastKnownFileType = sourcecode.c.h; path = VMDeliveryOrderGetListAPI.h; sourceTree = "<group>"; };
		18EBAA0120F1EB0700A6A6B0 /* VMDeliveryOrderGetListAPI.m */ = {isa = PBXFileReference; lastKnownFileType = sourcecode.c.objc; path = VMDeliveryOrderGetListAPI.m; sourceTree = "<group>"; };
		18EBAA0320F1EC9100A6A6B0 /* VMGetFinishedOrderTabCountAPi.h */ = {isa = PBXFileReference; lastKnownFileType = sourcecode.c.h; path = VMGetFinishedOrderTabCountAPi.h; sourceTree = "<group>"; };
		18EBAA0420F1EC9100A6A6B0 /* VMGetFinishedOrderTabCountAPi.m */ = {isa = PBXFileReference; lastKnownFileType = sourcecode.c.objc; path = VMGetFinishedOrderTabCountAPi.m; sourceTree = "<group>"; };
		18EBAA0620F1EF7D00A6A6B0 /* VMGetFinishedOrderListAPI.h */ = {isa = PBXFileReference; lastKnownFileType = sourcecode.c.h; path = VMGetFinishedOrderListAPI.h; sourceTree = "<group>"; };
		18EBAA0720F1EF7D00A6A6B0 /* VMGetFinishedOrderListAPI.m */ = {isa = PBXFileReference; lastKnownFileType = sourcecode.c.objc; path = VMGetFinishedOrderListAPI.m; sourceTree = "<group>"; };
		18EBAA0920F1F0AC00A6A6B0 /* VMGetFinishedOrderCancleListAPI.h */ = {isa = PBXFileReference; lastKnownFileType = sourcecode.c.h; path = VMGetFinishedOrderCancleListAPI.h; sourceTree = "<group>"; };
		18EBAA0A20F1F0AC00A6A6B0 /* VMGetFinishedOrderCancleListAPI.m */ = {isa = PBXFileReference; lastKnownFileType = sourcecode.c.objc; path = VMGetFinishedOrderCancleListAPI.m; sourceTree = "<group>"; };
		18EE075520F88D5500D2CC80 /* VMNewTaskItemModel.h */ = {isa = PBXFileReference; lastKnownFileType = sourcecode.c.h; path = VMNewTaskItemModel.h; sourceTree = "<group>"; };
		18EE075620F88D5500D2CC80 /* VMNewTaskItemModel.m */ = {isa = PBXFileReference; lastKnownFileType = sourcecode.c.objc; path = VMNewTaskItemModel.m; sourceTree = "<group>"; };
		18EE075920FB179400D2CC80 /* VMMessageCenterModel.h */ = {isa = PBXFileReference; lastKnownFileType = sourcecode.c.h; path = VMMessageCenterModel.h; sourceTree = "<group>"; };
		18EE075A20FB179400D2CC80 /* VMMessageCenterModel.m */ = {isa = PBXFileReference; lastKnownFileType = sourcecode.c.objc; path = VMMessageCenterModel.m; sourceTree = "<group>"; };
		18EE075D20FB1E4000D2CC80 /* VMOrderStatisticsModel.h */ = {isa = PBXFileReference; lastKnownFileType = sourcecode.c.h; path = VMOrderStatisticsModel.h; sourceTree = "<group>"; };
		18EE075E20FB1E4000D2CC80 /* VMOrderStatisticsModel.m */ = {isa = PBXFileReference; lastKnownFileType = sourcecode.c.objc; path = VMOrderStatisticsModel.m; sourceTree = "<group>"; };
		18F7A9FE2079FE52009A4D4E /* VMLoginViewController.h */ = {isa = PBXFileReference; lastKnownFileType = sourcecode.c.h; path = VMLoginViewController.h; sourceTree = "<group>"; };
		18F7A9FF2079FE52009A4D4E /* VMLoginViewController.m */ = {isa = PBXFileReference; lastKnownFileType = sourcecode.c.objc; path = VMLoginViewController.m; sourceTree = "<group>"; };
		18F7AA002079FE52009A4D4E /* VMLoginViewController.xib */ = {isa = PBXFileReference; lastKnownFileType = file.xib; path = VMLoginViewController.xib; sourceTree = "<group>"; };
		18F7AA04207A062F009A4D4E /* VMFinishedOrderViewController.h */ = {isa = PBXFileReference; lastKnownFileType = sourcecode.c.h; path = VMFinishedOrderViewController.h; sourceTree = "<group>"; };
		18F7AA05207A062F009A4D4E /* VMFinishedOrderViewController.m */ = {isa = PBXFileReference; lastKnownFileType = sourcecode.c.objc; path = VMFinishedOrderViewController.m; sourceTree = "<group>"; };
		18F7AA06207A062F009A4D4E /* VMFinishedOrderViewController.xib */ = {isa = PBXFileReference; lastKnownFileType = file.xib; path = VMFinishedOrderViewController.xib; sourceTree = "<group>"; };
		18F7AA09207A0DC2009A4D4E /* VMFinishedTableViewController.h */ = {isa = PBXFileReference; lastKnownFileType = sourcecode.c.h; path = VMFinishedTableViewController.h; sourceTree = "<group>"; };
		18F7AA0A207A0DC2009A4D4E /* VMFinishedTableViewController.m */ = {isa = PBXFileReference; lastKnownFileType = sourcecode.c.objc; path = VMFinishedTableViewController.m; sourceTree = "<group>"; };
		18FDAFA7207CB93A008AE54E /* VMOrderStatisticsViewController.h */ = {isa = PBXFileReference; lastKnownFileType = sourcecode.c.h; path = VMOrderStatisticsViewController.h; sourceTree = "<group>"; };
		18FDAFA8207CB93A008AE54E /* VMOrderStatisticsViewController.m */ = {isa = PBXFileReference; lastKnownFileType = sourcecode.c.objc; path = VMOrderStatisticsViewController.m; sourceTree = "<group>"; };
		18FDAFAB207CBA07008AE54E /* VMVMOrderStatisticsTableHeaderView.h */ = {isa = PBXFileReference; lastKnownFileType = sourcecode.c.h; path = VMVMOrderStatisticsTableHeaderView.h; sourceTree = "<group>"; };
		18FDAFAC207CBA07008AE54E /* VMVMOrderStatisticsTableHeaderView.m */ = {isa = PBXFileReference; lastKnownFileType = sourcecode.c.objc; path = VMVMOrderStatisticsTableHeaderView.m; sourceTree = "<group>"; };
		18FDAFAE207CBA27008AE54E /* VMVMOrderStatisticsTableHeaderView.xib */ = {isa = PBXFileReference; lastKnownFileType = file.xib; path = VMVMOrderStatisticsTableHeaderView.xib; sourceTree = "<group>"; };
		18FDAFB1207CBD16008AE54E /* VMVMOrderStatisticsTableViewCell.h */ = {isa = PBXFileReference; lastKnownFileType = sourcecode.c.h; path = VMVMOrderStatisticsTableViewCell.h; sourceTree = "<group>"; };
		18FDAFB2207CBD16008AE54E /* VMVMOrderStatisticsTableViewCell.m */ = {isa = PBXFileReference; lastKnownFileType = sourcecode.c.objc; path = VMVMOrderStatisticsTableViewCell.m; sourceTree = "<group>"; };
		18FDAFB3207CBD16008AE54E /* VMVMOrderStatisticsTableViewCell.xib */ = {isa = PBXFileReference; lastKnownFileType = file.xib; path = VMVMOrderStatisticsTableViewCell.xib; sourceTree = "<group>"; };
		18FDAFBB207DF472008AE54E /* VMOrderDetailViewController.h */ = {isa = PBXFileReference; lastKnownFileType = sourcecode.c.h; path = VMOrderDetailViewController.h; sourceTree = "<group>"; };
		18FDAFBC207DF472008AE54E /* VMOrderDetailViewController.m */ = {isa = PBXFileReference; lastKnownFileType = sourcecode.c.objc; path = VMOrderDetailViewController.m; sourceTree = "<group>"; };
		18FDAFBD207DF472008AE54E /* VMOrderDetailViewController.xib */ = {isa = PBXFileReference; lastKnownFileType = file.xib; path = VMOrderDetailViewController.xib; sourceTree = "<group>"; };
		18FDAFC1207DFF67008AE54E /* VMOrderDetailTableHeaderView.h */ = {isa = PBXFileReference; lastKnownFileType = sourcecode.c.h; path = VMOrderDetailTableHeaderView.h; sourceTree = "<group>"; };
		18FDAFC2207DFF67008AE54E /* VMOrderDetailTableHeaderView.m */ = {isa = PBXFileReference; lastKnownFileType = sourcecode.c.objc; path = VMOrderDetailTableHeaderView.m; sourceTree = "<group>"; };
		18FDAFC4207DFF76008AE54E /* VMOrderDetailTableHeaderView.xib */ = {isa = PBXFileReference; lastKnownFileType = file.xib; path = VMOrderDetailTableHeaderView.xib; sourceTree = "<group>"; };
		18FDAFC7207EFCA4008AE54E /* VMOrderDetailTableViewCell.h */ = {isa = PBXFileReference; lastKnownFileType = sourcecode.c.h; path = VMOrderDetailTableViewCell.h; sourceTree = "<group>"; };
		18FDAFC8207EFCA4008AE54E /* VMOrderDetailTableViewCell.m */ = {isa = PBXFileReference; lastKnownFileType = sourcecode.c.objc; path = VMOrderDetailTableViewCell.m; sourceTree = "<group>"; };
		18FDAFC9207EFCA4008AE54E /* VMOrderDetailTableViewCell.xib */ = {isa = PBXFileReference; lastKnownFileType = file.xib; path = VMOrderDetailTableViewCell.xib; sourceTree = "<group>"; };
		18FDAFCC207F01FD008AE54E /* VMOrderTotalTableViewCell.h */ = {isa = PBXFileReference; lastKnownFileType = sourcecode.c.h; path = VMOrderTotalTableViewCell.h; sourceTree = "<group>"; };
		18FDAFCD207F01FD008AE54E /* VMOrderTotalTableViewCell.m */ = {isa = PBXFileReference; lastKnownFileType = sourcecode.c.objc; path = VMOrderTotalTableViewCell.m; sourceTree = "<group>"; };
		18FDAFCE207F01FD008AE54E /* VMOrderTotalTableViewCell.xib */ = {isa = PBXFileReference; lastKnownFileType = file.xib; path = VMOrderTotalTableViewCell.xib; sourceTree = "<group>"; };
		18FDAFD1207F0550008AE54E /* VMOrderTrackingTableViewCell.h */ = {isa = PBXFileReference; lastKnownFileType = sourcecode.c.h; path = VMOrderTrackingTableViewCell.h; sourceTree = "<group>"; };
		18FDAFD2207F0550008AE54E /* VMOrderTrackingTableViewCell.m */ = {isa = PBXFileReference; lastKnownFileType = sourcecode.c.objc; path = VMOrderTrackingTableViewCell.m; sourceTree = "<group>"; };
		18FDAFD3207F0550008AE54E /* VMOrderTrackingTableViewCell.xib */ = {isa = PBXFileReference; lastKnownFileType = file.xib; path = VMOrderTrackingTableViewCell.xib; sourceTree = "<group>"; };
		18FDAFD7207F0A13008AE54E /* VMSectionHeaderView.h */ = {isa = PBXFileReference; lastKnownFileType = sourcecode.c.h; path = VMSectionHeaderView.h; sourceTree = "<group>"; };
		18FDAFD8207F0A13008AE54E /* VMSectionHeaderView.m */ = {isa = PBXFileReference; lastKnownFileType = sourcecode.c.objc; path = VMSectionHeaderView.m; sourceTree = "<group>"; };
		18FDAFDA207F0A1F008AE54E /* VMSectionHeaderView.xib */ = {isa = PBXFileReference; lastKnownFileType = file.xib; path = VMSectionHeaderView.xib; sourceTree = "<group>"; };
		18FDAFDD207F2630008AE54E /* VMOrderDetailTableFooterView.h */ = {isa = PBXFileReference; lastKnownFileType = sourcecode.c.h; path = VMOrderDetailTableFooterView.h; sourceTree = "<group>"; };
		18FDAFDE207F2630008AE54E /* VMOrderDetailTableFooterView.m */ = {isa = PBXFileReference; lastKnownFileType = sourcecode.c.objc; path = VMOrderDetailTableFooterView.m; sourceTree = "<group>"; };
		18FDAFE0207F270B008AE54E /* VMOrderDetailTableFooterViewDefault.xib */ = {isa = PBXFileReference; lastKnownFileType = file.xib; path = VMOrderDetailTableFooterViewDefault.xib; sourceTree = "<group>"; };
		18FDAFE2207F2872008AE54E /* VMOrderDetailTableFooterViewOther.xib */ = {isa = PBXFileReference; lastKnownFileType = file.xib; path = VMOrderDetailTableFooterViewOther.xib; sourceTree = "<group>"; };
		18FDAFE4207F2C90008AE54E /* VMOrderDetailEnumFile.h */ = {isa = PBXFileReference; lastKnownFileType = sourcecode.c.h; path = VMOrderDetailEnumFile.h; sourceTree = "<group>"; };
		18FDAFE6207F3EE3008AE54E /* VMUserLocationViewController.h */ = {isa = PBXFileReference; lastKnownFileType = sourcecode.c.h; path = VMUserLocationViewController.h; sourceTree = "<group>"; };
		18FDAFE7207F3EE3008AE54E /* VMUserLocationViewController.m */ = {isa = PBXFileReference; lastKnownFileType = sourcecode.c.objc; path = VMUserLocationViewController.m; sourceTree = "<group>"; };
		18FDAFEA20805B59008AE54E /* VMDatePicker.h */ = {isa = PBXFileReference; lastKnownFileType = sourcecode.c.h; path = VMDatePicker.h; sourceTree = "<group>"; };
		18FDAFEB20805B59008AE54E /* VMDatePicker.m */ = {isa = PBXFileReference; lastKnownFileType = sourcecode.c.objc; path = VMDatePicker.m; sourceTree = "<group>"; };
		18FDAFEF20805B7E008AE54E /* VMDatePicker.xib */ = {isa = PBXFileReference; lastKnownFileType = file.xib; path = VMDatePicker.xib; sourceTree = "<group>"; };
		75D29ADE452037068377BC3C /* Pods-VegetableManagement.debug.xcconfig */ = {isa = PBXFileReference; includeInIndex = 1; lastKnownFileType = text.xcconfig; name = "Pods-VegetableManagement.debug.xcconfig"; path = "Pods/Target Support Files/Pods-VegetableManagement/Pods-VegetableManagement.debug.xcconfig"; sourceTree = "<group>"; };
		D83F405C6F6A6BB5575622E0 /* Pods_VegetableManagement.framework */ = {isa = PBXFileReference; explicitFileType = wrapper.framework; includeInIndex = 0; path = Pods_VegetableManagement.framework; sourceTree = BUILT_PRODUCTS_DIR; };
		E929BAB2B45D3F3CF0BCC35C /* Pods-VegetableManagement.release.xcconfig */ = {isa = PBXFileReference; includeInIndex = 1; lastKnownFileType = text.xcconfig; name = "Pods-VegetableManagement.release.xcconfig"; path = "Pods/Target Support Files/Pods-VegetableManagement/Pods-VegetableManagement.release.xcconfig"; sourceTree = "<group>"; };
/* End PBXFileReference section */

/* Begin PBXFrameworksBuildPhase section */
		18CC220A206CBBED007E1274 /* Frameworks */ = {
			isa = PBXFrameworksBuildPhase;
			buildActionMask = 2147483647;
			files = (
				89F31D8AC665279E1A817B70 /* Pods_VegetableManagement.framework in Frameworks */,
			);
			runOnlyForDeploymentPostprocessing = 0;
		};
/* End PBXFrameworksBuildPhase section */

/* Begin PBXGroup section */
		18035E90208445E200181ABE /* Setup(设置) */ = {
			isa = PBXGroup;
			children = (
				18035E92208445E200181ABE /* cell */,
				18035E97208445E200181ABE /* VMSetupViewController.h */,
				18035E91208445E200181ABE /* VMSetupViewController.m */,
				18035E96208445E200181ABE /* VMSetupViewController.xib */,
			);
			path = "Setup(设置)";
			sourceTree = "<group>";
		};
		18035E92208445E200181ABE /* cell */ = {
			isa = PBXGroup;
			children = (
				18035E93208445E200181ABE /* VMSetupTableViewCell.xib */,
				18035E94208445E200181ABE /* VMSetupTableViewCell.h */,
				18035E95208445E200181ABE /* VMSetupTableViewCell.m */,
			);
			path = cell;
			sourceTree = "<group>";
		};
		1832BF142071DE1A00FC83B0 /* Cell */ = {
			isa = PBXGroup;
			children = (
				1832BF162071DE1A00FC83B0 /* VMWaitPickUpTableViewCell.h */,
				1832BF152071DE1A00FC83B0 /* VMWaitPickUpTableViewCell.m */,
				1832BF172071DE1A00FC83B0 /* VMWaitPickUpTableViewCell.xib */,
			);
			path = Cell;
			sourceTree = "<group>";
		};
		1832BF1B20720C5500FC83B0 /* PersonalCenter(个人中心) */ = {
			isa = PBXGroup;
			children = (
				1832BF21207215E100FC83B0 /* Cell */,
				1832BF1C20720FFC00FC83B0 /* VMPersonalCenterViewController.h */,
				1832BF1D20720FFC00FC83B0 /* VMPersonalCenterViewController.m */,
				1832BF1E20720FFC00FC83B0 /* VMPersonalCenterViewController.xib */,
			);
			path = "PersonalCenter(个人中心)";
			sourceTree = "<group>";
		};
		1832BF21207215E100FC83B0 /* Cell */ = {
			isa = PBXGroup;
			children = (
				1832BF22207215FC00FC83B0 /* VMPersonalCenterTableViewCell.h */,
				1832BF23207215FC00FC83B0 /* VMPersonalCenterTableViewCell.m */,
				1832BF24207215FC00FC83B0 /* VMPersonalCenterTableViewCell.xib */,
			);
			path = Cell;
			sourceTree = "<group>";
		};
		1832BF62207317DC00FC83B0 /* Help(帮助中心) */ = {
			isa = PBXGroup;
			children = (
				1832BF63207317F000FC83B0 /* VMHelpViewController.h */,
				1832BF64207317F000FC83B0 /* VMHelpViewController.m */,
				1832BF65207317F000FC83B0 /* VMHelpViewController.xib */,
			);
			path = "Help(帮助中心)";
			sourceTree = "<group>";
		};
		1832BF6820734C2100FC83B0 /* MessageCenter(消息中心) */ = {
			isa = PBXGroup;
			children = (
				18EE075820FB178000D2CC80 /* Model */,
				1832BF6E20734C7800FC83B0 /* Cell */,
				1832BF6920734C3500FC83B0 /* VMMessageCenterViewController.h */,
				1832BF6A20734C3500FC83B0 /* VMMessageCenterViewController.m */,
				1832BF7420735A2900FC83B0 /* VMMessageDetailViewController.h */,
				1832BF7520735A2900FC83B0 /* VMMessageDetailViewController.m */,
				1832BF7620735A2900FC83B0 /* VMMessageDetailViewController.xib */,
			);
			path = "MessageCenter(消息中心)";
			sourceTree = "<group>";
		};
		1832BF6E20734C7800FC83B0 /* Cell */ = {
			isa = PBXGroup;
			children = (
				1832BF6F20734C9000FC83B0 /* VMMessageCenterTableViewCell.h */,
				1832BF7020734C9000FC83B0 /* VMMessageCenterTableViewCell.m */,
				1832BF7120734C9000FC83B0 /* VMMessageCenterTableViewCell.xib */,
			);
			path = Cell;
			sourceTree = "<group>";
		};
		1832BF7E2073659600FC83B0 /* SelectAgent(配送区域设置) */ = {
			isa = PBXGroup;
			children = (
				1832BF84207367A500FC83B0 /* Cell */,
				1832BF802073659600FC83B0 /* VMSelectAgentViewController.h */,
				1832BF7F2073659600FC83B0 /* VMSelectAgentViewController.m */,
			);
			path = "SelectAgent(配送区域设置)";
			sourceTree = "<group>";
		};
		1832BF84207367A500FC83B0 /* Cell */ = {
			isa = PBXGroup;
			children = (
				1832BF85207367B700FC83B0 /* VMSelectAgentViewTableViewCell.h */,
				1832BF86207367B700FC83B0 /* VMSelectAgentViewTableViewCell.m */,
				1832BF87207367B700FC83B0 /* VMSelectAgentViewTableViewCell.xib */,
			);
			path = Cell;
			sourceTree = "<group>";
		};
		185B1DD3206E090600816924 /* TabBarViewController */ = {
			isa = PBXGroup;
			children = (
				185B1DD4206E092700816924 /* CustomerTabBarView.h */,
				185B1DD5206E092700816924 /* CustomerTabBarView.m */,
				185B1DD9206E096300816924 /* CustomerTabBarView.xib */,
				185B1DDE206E0EAF00816924 /* VMCustomTabBar.h */,
				185B1DDF206E0EAF00816924 /* VMCustomTabBar.m */,
				185B1DDB206E0DA600816924 /* VMTabBarController.h */,
				185B1DDC206E0DA600816924 /* VMTabBarController.m */,
				1832BF8A2074AD3500FC83B0 /* VMTabBarView.h */,
				1832BF8B2074AD3500FC83B0 /* VMTabBarView.m */,
			);
			path = TabBarViewController;
			sourceTree = "<group>";
		};
		185B1DE1206E11AA00816924 /* ViewControllers */ = {
			isa = PBXGroup;
			children = (
				18035E90208445E200181ABE /* Setup(设置) */,
				18FDAFE5207F3EC7008AE54E /* UserLocation(我的位置) */,
				18FDAFB9207DE851008AE54E /* OrderDetail(订单详情) */,
				18FDAFA6207CB917008AE54E /* OrderStatistics(配送统计) */,
				18D99F43207B4C1500DAFB5F /* Evaluation(我的评价) */,
				18F7AA03207A0608009A4D4E /* FinishedOrder(已完成) */,
				18F7A9FD2079FDDB009A4D4E /* Login(登录) */,
				1832BF7E2073659600FC83B0 /* SelectAgent(配送区域设置) */,
				1832BF6820734C2100FC83B0 /* MessageCenter(消息中心) */,
				1832BF62207317DC00FC83B0 /* Help(帮助中心) */,
				1832BF1B20720C5500FC83B0 /* PersonalCenter(个人中心) */,
				185B1DE2206E11AA00816924 /* NewTask(新任务) */,
				185B1DE3206E11AA00816924 /* WaitPickUp(待取货) */,
				185B1DE4206E11AA00816924 /* DeliveryOrder(配送中) */,
			);
			path = ViewControllers;
			sourceTree = "<group>";
		};
		185B1DE2206E11AA00816924 /* NewTask(新任务) */ = {
			isa = PBXGroup;
			children = (
				18EE075420F88D3500D2CC80 /* model */,
				185B1DF4206E24B800816924 /* Cell */,
				185B1DE5206E11FC00816924 /* VMNewTaskViewController.h */,
				185B1DE6206E11FC00816924 /* VMNewTaskViewController.m */,
			);
			path = "NewTask(新任务)";
			sourceTree = "<group>";
		};
		185B1DE3206E11AA00816924 /* WaitPickUp(待取货) */ = {
			isa = PBXGroup;
			children = (
				1832BF142071DE1A00FC83B0 /* Cell */,
				185B1DEB206E15D000816924 /* VMWaitPickUpViewController.h */,
				185B1DEC206E15D000816924 /* VMWaitPickUpViewController.m */,
			);
			path = "WaitPickUp(待取货)";
			sourceTree = "<group>";
		};
		185B1DE4206E11AA00816924 /* DeliveryOrder(配送中) */ = {
			isa = PBXGroup;
			children = (
				185B1DEE206E15E600816924 /* VMDeliveryOrderViewController.h */,
				185B1DEF206E15E600816924 /* VMDeliveryOrderViewController.m */,
			);
			path = "DeliveryOrder(配送中)";
			sourceTree = "<group>";
		};
		185B1DF4206E24B800816924 /* Cell */ = {
			isa = PBXGroup;
			children = (
				185B1DF5206E24CD00816924 /* VMNewTaskTableViewCell.h */,
				185B1DF6206E24CD00816924 /* VMNewTaskTableViewCell.m */,
				185B1DF7206E24CD00816924 /* VMNewTaskTableViewCell.xib */,
			);
			path = Cell;
			sourceTree = "<group>";
		};
		18CC2204206CBBED007E1274 = {
			isa = PBXGroup;
			children = (
				18CC220F206CBBED007E1274 /* VegetableManagement */,
				18CC220E206CBBED007E1274 /* Products */,
				92EFF8B6C8CA4ED163A2FE10 /* Pods */,
				A4D4BD2F8C765B39FBEE5755 /* Frameworks */,
			);
			sourceTree = "<group>";
		};
		18CC220E206CBBED007E1274 /* Products */ = {
			isa = PBXGroup;
			children = (
				18CC220D206CBBED007E1274 /* VegetableManagement.app */,
			);
			name = Products;
			sourceTree = "<group>";
		};
		18CC220F206CBBED007E1274 /* VegetableManagement */ = {
			isa = PBXGroup;
			children = (
				18FDAFE920805B48008AE54E /* DataPicker */,
				185B1DE1206E11AA00816924 /* ViewControllers */,
				185B1DD3206E090600816924 /* TabBarViewController */,
				18CC2236206CD5E9007E1274 /* BaseViewController */,
				18CC223B206CD5E9007E1274 /* Tools */,
				18EBA9D720F1B6D500A6A6B0 /* network */,
				18EBA9E120F1B8D700A6A6B0 /* API */,
				18CC2210206CBBED007E1274 /* AppDelegate.h */,
				18CC2211206CBBED007E1274 /* AppDelegate.m */,
				18CC2219206CBBED007E1274 /* Assets.xcassets */,
				18CC221E206CBBED007E1274 /* Info.plist */,
				18CC221F206CBBED007E1274 /* main.m */,
			);
			path = VegetableManagement;
			sourceTree = "<group>";
		};
		18CC2236206CD5E9007E1274 /* BaseViewController */ = {
			isa = PBXGroup;
			children = (
				185B1DF2206E161800816924 /* BaseTableViewController.h */,
				185B1DF1206E161800816924 /* BaseTableViewController.m */,
				18CC2239206CD5E9007E1274 /* BaseViewController.h */,
				18CC2237206CD5E9007E1274 /* BaseViewController.m */,
				185B1DE8206E154200816924 /* VMNavigationController.h */,
				185B1DE9206E154200816924 /* VMNavigationController.m */,
			);
			path = BaseViewController;
			sourceTree = "<group>";
		};
		18CC223B206CD5E9007E1274 /* Tools */ = {
			isa = PBXGroup;
			children = (
				18CC223C206CD5E9007E1274 /* VegetableHeaderFile.pch */,
				18CC223D206CD5E9007E1274 /* CommonTools.m */,
				18CC223F206CD5E9007E1274 /* CommonTools.h */,
				187557382122C7DE00D3ABD2 /* VMSearchLocationTools.h */,
				187557392122C7DE00D3ABD2 /* VMSearchLocationTools.m */,
				1875573E2122D4D100D3ABD2 /* VMGetUserLocation.h */,
				1875573F2122D4D100D3ABD2 /* VMGetUserLocation.m */,
				187557412122DD5C00D3ABD2 /* VMGetLocationDistanceTools.h */,
				187557422122DD5C00D3ABD2 /* VMGetLocationDistanceTools.m */,
			);
			path = Tools;
			sourceTree = "<group>";
		};
		18D99F3C207B3D2800DAFB5F /* cell */ = {
			isa = PBXGroup;
			children = (
				18D99F3D207B3D2800DAFB5F /* VMFinishedTableViewCell.h */,
				18D99F3E207B3D2800DAFB5F /* VMFinishedTableViewCell.m */,
				18D99F3F207B3D2800DAFB5F /* VMFinishedTableViewCell.xib */,
			);
			path = cell;
			sourceTree = "<group>";
		};
		18D99F43207B4C1500DAFB5F /* Evaluation(我的评价) */ = {
			isa = PBXGroup;
			children = (
				18D99F55207B4F1F00DAFB5F /* StarRateView */,
				18D99F47207B4C6400DAFB5F /* Cell */,
				18D99F48207B4C6400DAFB5F /* TableHeaderView */,
				18D99F44207B4C4800DAFB5F /* VMEvaluationTableViewController.h */,
				18D99F45207B4C4800DAFB5F /* VMEvaluationTableViewController.m */,
			);
			path = "Evaluation(我的评价)";
			sourceTree = "<group>";
		};
		18D99F47207B4C6400DAFB5F /* Cell */ = {
			isa = PBXGroup;
			children = (
				18D99F4C207B4C9D00DAFB5F /* VMEvaluationTableViewCell.h */,
				18D99F4D207B4C9D00DAFB5F /* VMEvaluationTableViewCell.m */,
				18D99F4E207B4C9D00DAFB5F /* VMEvaluationTableViewCell.xib */,
			);
			path = Cell;
			sourceTree = "<group>";
		};
		18D99F48207B4C6400DAFB5F /* TableHeaderView */ = {
			isa = PBXGroup;
			children = (
				18D99F49207B4C8000DAFB5F /* VMEvaluationTopView.h */,
				18D99F4A207B4C8000DAFB5F /* VMEvaluationTopView.m */,
				18D99F53207B4CB500DAFB5F /* VMEvaluationTopView.xib */,
			);
			path = TableHeaderView;
			sourceTree = "<group>";
		};
		18D99F55207B4F1F00DAFB5F /* StarRateView */ = {
			isa = PBXGroup;
			children = (
				18D99F56207B4F1F00DAFB5F /* XHStarRateView.h */,
				18D99F57207B4F1F00DAFB5F /* XHStarRateView.m */,
			);
			path = StarRateView;
			sourceTree = "<group>";
		};
		18EBA9D720F1B6D500A6A6B0 /* network */ = {
			isa = PBXGroup;
			children = (
				18EBA9DA20F1B6D500A6A6B0 /* VMResponseModel.h */,
				18EBA9D820F1B6D500A6A6B0 /* VMResponseModel.m */,
				18EBA9D920F1B6D500A6A6B0 /* VMBaseRequest.h */,
				18EBA9DB20F1B6D500A6A6B0 /* VMBaseRequest.m */,
				18EBA9DF20F1B7D400A6A6B0 /* VMBaseModel.h */,
				18EBA9DE20F1B7D400A6A6B0 /* VMBaseModel.m */,
			);
			path = network;
			sourceTree = "<group>";
		};
		18EBA9E120F1B8D700A6A6B0 /* API */ = {
			isa = PBXGroup;
			children = (
				18EBA9E220F1BB8E00A6A6B0 /* VMLoginRequestAPI.h */,
				18EBA9E320F1BB8E00A6A6B0 /* VMLoginRequestAPI.m */,
				18EBA9E820F1C88000A6A6B0 /* VMNewTaskListAPI.h */,
				18EBA9E920F1C88000A6A6B0 /* VMNewTaskListAPI.m */,
				18EBA9EB20F1CA6300A6A6B0 /* VMGetEvaluationListAPI.h */,
				18EBA9EC20F1CA6300A6A6B0 /* VMGetEvaluationListAPI.m */,
				18EBA9EE20F1E16500A6A6B0 /* VMGetMessageCenterListAPI.h */,
				18EBA9EF20F1E16500A6A6B0 /* VMGetMessageCenterListAPI.m */,
				18EBA9F120F1E1DA00A6A6B0 /* VMGetPersonalInfoAPI.h */,
				18EBA9F220F1E1DA00A6A6B0 /* VMGetPersonalInfoAPI.m */,
				18EBA9F420F1E2A100A6A6B0 /* VMGetOrderStatisticsListAPI.h */,
				18EBA9F520F1E2A100A6A6B0 /* VMGetOrderStatisticsListAPI.m */,
				18EBA9F720F1E39D00A6A6B0 /* VMGetEvaluationInfoAPI.h */,
				18EBA9F820F1E39D00A6A6B0 /* VMGetEvaluationInfoAPI.m */,
				18EBA9FA20F1E80100A6A6B0 /* VMGetTablCountAPI.h */,
				18EBA9FB20F1E80100A6A6B0 /* VMGetTablCountAPI.m */,
				18EBA9FD20F1E8B000A6A6B0 /* VMGetWaitPickUpListAPI.h */,
				18EBA9FE20F1E8B000A6A6B0 /* VMGetWaitPickUpListAPI.m */,
				18EBAA0020F1EB0700A6A6B0 /* VMDeliveryOrderGetListAPI.h */,
				18EBAA0120F1EB0700A6A6B0 /* VMDeliveryOrderGetListAPI.m */,
				18EBAA0320F1EC9100A6A6B0 /* VMGetFinishedOrderTabCountAPi.h */,
				18EBAA0420F1EC9100A6A6B0 /* VMGetFinishedOrderTabCountAPi.m */,
				18EBAA0620F1EF7D00A6A6B0 /* VMGetFinishedOrderListAPI.h */,
				18EBAA0720F1EF7D00A6A6B0 /* VMGetFinishedOrderListAPI.m */,
				18EBAA0920F1F0AC00A6A6B0 /* VMGetFinishedOrderCancleListAPI.h */,
				18EBAA0A20F1F0AC00A6A6B0 /* VMGetFinishedOrderCancleListAPI.m */,
				180A84A920F493FF0001C1B4 /* VMRegisterAPI.h */,
				180A84AA20F493FF0001C1B4 /* VMRegisterAPI.m */,
				187557322122ABC800D3ABD2 /* VMGetVerificationCodeRequest.h */,
				187557332122ABC800D3ABD2 /* VMGetVerificationCodeRequest.m */,
				187557352122AEA700D3ABD2 /* VMForgetPasswordAPI.h */,
				187557362122AEA700D3ABD2 /* VMForgetPasswordAPI.m */,
			);
			path = API;
			sourceTree = "<group>";
		};
		18EE075420F88D3500D2CC80 /* model */ = {
			isa = PBXGroup;
			children = (
				18EE075520F88D5500D2CC80 /* VMNewTaskItemModel.h */,
				18EE075620F88D5500D2CC80 /* VMNewTaskItemModel.m */,
			);
			path = model;
			sourceTree = "<group>";
		};
		18EE075820FB178000D2CC80 /* Model */ = {
			isa = PBXGroup;
			children = (
				18EE075920FB179400D2CC80 /* VMMessageCenterModel.h */,
				18EE075A20FB179400D2CC80 /* VMMessageCenterModel.m */,
			);
			path = Model;
			sourceTree = "<group>";
		};
		18EE075C20FB1E2C00D2CC80 /* model */ = {
			isa = PBXGroup;
			children = (
				18EE075D20FB1E4000D2CC80 /* VMOrderStatisticsModel.h */,
				18EE075E20FB1E4000D2CC80 /* VMOrderStatisticsModel.m */,
			);
			path = model;
			sourceTree = "<group>";
		};
		18F7A9FD2079FDDB009A4D4E /* Login(登录) */ = {
			isa = PBXGroup;
			children = (
				18F7A9FE2079FE52009A4D4E /* VMLoginViewController.h */,
				18F7A9FF2079FE52009A4D4E /* VMLoginViewController.m */,
				18F7AA002079FE52009A4D4E /* VMLoginViewController.xib */,
				18EBA9E520F1C76300A6A6B0 /* VMLoginUserInfoModel.h */,
				18EBA9E620F1C76300A6A6B0 /* VMLoginUserInfoModel.m */,
				180A849F20F4814B0001C1B4 /* VMRegisterViewController.h */,
				180A84A020F4814B0001C1B4 /* VMRegisterViewController.m */,
				180A84A120F4814B0001C1B4 /* VMRegisterViewController.xib */,
				180A84A420F48B720001C1B4 /* VMForgetViewController.h */,
				180A84A520F48B720001C1B4 /* VMForgetViewController.m */,
				180A84A620F48B720001C1B4 /* VMForgetViewController.xib */,
			);
			path = "Login(登录)";
			sourceTree = "<group>";
		};
		18F7AA03207A0608009A4D4E /* FinishedOrder(已完成) */ = {
			isa = PBXGroup;
			children = (
				18D99F3C207B3D2800DAFB5F /* cell */,
				18F7AA04207A062F009A4D4E /* VMFinishedOrderViewController.h */,
				18F7AA05207A062F009A4D4E /* VMFinishedOrderViewController.m */,
				18F7AA06207A062F009A4D4E /* VMFinishedOrderViewController.xib */,
				18F7AA09207A0DC2009A4D4E /* VMFinishedTableViewController.h */,
				18F7AA0A207A0DC2009A4D4E /* VMFinishedTableViewController.m */,
				18D99F35207B11E100DAFB5F /* VMFinishedTableHeadView.h */,
				18D99F36207B11E100DAFB5F /* VMFinishedTableHeadView.m */,
				18D99F3A207B120400DAFB5F /* VMFinishedTableHeadView.xib */,
			);
			path = "FinishedOrder(已完成)";
			sourceTree = "<group>";
		};
		18FDAFA6207CB917008AE54E /* OrderStatistics(配送统计) */ = {
			isa = PBXGroup;
			children = (
				18EE075C20FB1E2C00D2CC80 /* model */,
				18FDAFB0207CBCFD008AE54E /* Cell */,
				18FDAFAA207CB9DA008AE54E /* TableHeaderView */,
				18FDAFA7207CB93A008AE54E /* VMOrderStatisticsViewController.h */,
				18FDAFA8207CB93A008AE54E /* VMOrderStatisticsViewController.m */,
			);
			path = "OrderStatistics(配送统计)";
			sourceTree = "<group>";
		};
		18FDAFAA207CB9DA008AE54E /* TableHeaderView */ = {
			isa = PBXGroup;
			children = (
				18FDAFAB207CBA07008AE54E /* VMVMOrderStatisticsTableHeaderView.h */,
				18FDAFAC207CBA07008AE54E /* VMVMOrderStatisticsTableHeaderView.m */,
				18FDAFAE207CBA27008AE54E /* VMVMOrderStatisticsTableHeaderView.xib */,
			);
			path = TableHeaderView;
			sourceTree = "<group>";
		};
		18FDAFB0207CBCFD008AE54E /* Cell */ = {
			isa = PBXGroup;
			children = (
				18FDAFB1207CBD16008AE54E /* VMVMOrderStatisticsTableViewCell.h */,
				18FDAFB2207CBD16008AE54E /* VMVMOrderStatisticsTableViewCell.m */,
				18FDAFB3207CBD16008AE54E /* VMVMOrderStatisticsTableViewCell.xib */,
			);
			path = Cell;
			sourceTree = "<group>";
		};
		18FDAFB9207DE851008AE54E /* OrderDetail(订单详情) */ = {
			isa = PBXGroup;
			children = (
				18FDAFDC207F24DB008AE54E /* TableFooterView */,
				18FDAFD6207F0A01008AE54E /* SectionHeadView */,
				18FDAFC6207EFC84008AE54E /* Cell */,
				18FDAFC0207DFF52008AE54E /* TableHeaderView */,
				18FDAFBB207DF472008AE54E /* VMOrderDetailViewController.h */,
				18FDAFBC207DF472008AE54E /* VMOrderDetailViewController.m */,
				18FDAFBD207DF472008AE54E /* VMOrderDetailViewController.xib */,
				18FDAFE4207F2C90008AE54E /* VMOrderDetailEnumFile.h */,
			);
			name = "OrderDetail(订单详情)";
			path = "VegetableManagement/ViewControllers/OrderDetail(订单详情)";
			sourceTree = SOURCE_ROOT;
		};
		18FDAFC0207DFF52008AE54E /* TableHeaderView */ = {
			isa = PBXGroup;
			children = (
				18FDAFC1207DFF67008AE54E /* VMOrderDetailTableHeaderView.h */,
				18FDAFC2207DFF67008AE54E /* VMOrderDetailTableHeaderView.m */,
				18FDAFC4207DFF76008AE54E /* VMOrderDetailTableHeaderView.xib */,
			);
			path = TableHeaderView;
			sourceTree = "<group>";
		};
		18FDAFC6207EFC84008AE54E /* Cell */ = {
			isa = PBXGroup;
			children = (
				18FDAFC7207EFCA4008AE54E /* VMOrderDetailTableViewCell.h */,
				18FDAFC8207EFCA4008AE54E /* VMOrderDetailTableViewCell.m */,
				18FDAFC9207EFCA4008AE54E /* VMOrderDetailTableViewCell.xib */,
				18FDAFCC207F01FD008AE54E /* VMOrderTotalTableViewCell.h */,
				18FDAFCD207F01FD008AE54E /* VMOrderTotalTableViewCell.m */,
				18FDAFCE207F01FD008AE54E /* VMOrderTotalTableViewCell.xib */,
				18FDAFD1207F0550008AE54E /* VMOrderTrackingTableViewCell.h */,
				18FDAFD2207F0550008AE54E /* VMOrderTrackingTableViewCell.m */,
				18FDAFD3207F0550008AE54E /* VMOrderTrackingTableViewCell.xib */,
			);
			path = Cell;
			sourceTree = "<group>";
		};
		18FDAFD6207F0A01008AE54E /* SectionHeadView */ = {
			isa = PBXGroup;
			children = (
				18FDAFD7207F0A13008AE54E /* VMSectionHeaderView.h */,
				18FDAFD8207F0A13008AE54E /* VMSectionHeaderView.m */,
				18FDAFDA207F0A1F008AE54E /* VMSectionHeaderView.xib */,
			);
			path = SectionHeadView;
			sourceTree = "<group>";
		};
		18FDAFDC207F24DB008AE54E /* TableFooterView */ = {
			isa = PBXGroup;
			children = (
				18FDAFDD207F2630008AE54E /* VMOrderDetailTableFooterView.h */,
				18FDAFDE207F2630008AE54E /* VMOrderDetailTableFooterView.m */,
				18FDAFE0207F270B008AE54E /* VMOrderDetailTableFooterViewDefault.xib */,
				18FDAFE2207F2872008AE54E /* VMOrderDetailTableFooterViewOther.xib */,
			);
			path = TableFooterView;
			sourceTree = "<group>";
		};
		18FDAFE5207F3EC7008AE54E /* UserLocation(我的位置) */ = {
			isa = PBXGroup;
			children = (
				18FDAFE6207F3EE3008AE54E /* VMUserLocationViewController.h */,
				18FDAFE7207F3EE3008AE54E /* VMUserLocationViewController.m */,
			);
			path = "UserLocation(我的位置)";
			sourceTree = "<group>";
		};
		18FDAFE920805B48008AE54E /* DataPicker */ = {
			isa = PBXGroup;
			children = (
				18FDAFEA20805B59008AE54E /* VMDatePicker.h */,
				18FDAFEB20805B59008AE54E /* VMDatePicker.m */,
				18FDAFEF20805B7E008AE54E /* VMDatePicker.xib */,
			);
			path = DataPicker;
			sourceTree = "<group>";
		};
		92EFF8B6C8CA4ED163A2FE10 /* Pods */ = {
			isa = PBXGroup;
			children = (
				75D29ADE452037068377BC3C /* Pods-VegetableManagement.debug.xcconfig */,
				E929BAB2B45D3F3CF0BCC35C /* Pods-VegetableManagement.release.xcconfig */,
			);
			name = Pods;
			sourceTree = "<group>";
		};
		A4D4BD2F8C765B39FBEE5755 /* Frameworks */ = {
			isa = PBXGroup;
			children = (
				D83F405C6F6A6BB5575622E0 /* Pods_VegetableManagement.framework */,
			);
			name = Frameworks;
			sourceTree = "<group>";
		};
/* End PBXGroup section */

/* Begin PBXNativeTarget section */
		18CC220C206CBBED007E1274 /* VegetableManagement */ = {
			isa = PBXNativeTarget;
			buildConfigurationList = 18CC2223206CBBED007E1274 /* Build configuration list for PBXNativeTarget "VegetableManagement" */;
			buildPhases = (
				55D914DB6E642F430FE1C954 /* [CP] Check Pods Manifest.lock */,
				18CC2209206CBBED007E1274 /* Sources */,
				18CC220A206CBBED007E1274 /* Frameworks */,
				18CC220B206CBBED007E1274 /* Resources */,
				4520534B2AAF8E5D48F0A004 /* [CP] Embed Pods Frameworks */,
				112B17FC5EB76DC255E129C6 /* [CP] Copy Pods Resources */,
			);
			buildRules = (
			);
			dependencies = (
			);
			name = VegetableManagement;
			productName = VegetableManagement;
			productReference = 18CC220D206CBBED007E1274 /* VegetableManagement.app */;
			productType = "com.apple.product-type.application";
		};
/* End PBXNativeTarget section */

/* Begin PBXProject section */
		18CC2205206CBBED007E1274 /* Project object */ = {
			isa = PBXProject;
			attributes = {
				CLASSPREFIX = VM;
				LastUpgradeCheck = 0930;
				ORGANIZATIONNAME = Apple;
				TargetAttributes = {
					18CC220C206CBBED007E1274 = {
						CreatedOnToolsVersion = 9.2;
						ProvisioningStyle = Manual;
						SystemCapabilities = {
							com.apple.BackgroundModes = {
								enabled = 1;
							};
						};
					};
				};
			};
			buildConfigurationList = 18CC2208206CBBED007E1274 /* Build configuration list for PBXProject "VegetableManagement" */;
			compatibilityVersion = "Xcode 8.0";
			developmentRegion = en;
			hasScannedForEncodings = 0;
			knownRegions = (
				en,
				Base,
			);
			mainGroup = 18CC2204206CBBED007E1274;
			productRefGroup = 18CC220E206CBBED007E1274 /* Products */;
			projectDirPath = "";
			projectRoot = "";
			targets = (
				18CC220C206CBBED007E1274 /* VegetableManagement */,
			);
		};
/* End PBXProject section */

/* Begin PBXResourcesBuildPhase section */
		18CC220B206CBBED007E1274 /* Resources */ = {
			isa = PBXResourcesBuildPhase;
			buildActionMask = 2147483647;
			files = (
				1832BF7820735A2900FC83B0 /* VMMessageDetailViewController.xib in Resources */,
				180A84A820F48B720001C1B4 /* VMForgetViewController.xib in Resources */,
				18F7AA022079FE52009A4D4E /* VMLoginViewController.xib in Resources */,
				185B1DF9206E24CD00816924 /* VMNewTaskTableViewCell.xib in Resources */,
				18FDAFE3207F2872008AE54E /* VMOrderDetailTableFooterViewOther.xib in Resources */,
				18035E99208445E200181ABE /* VMSetupTableViewCell.xib in Resources */,
				18FDAFD5207F0550008AE54E /* VMOrderTrackingTableViewCell.xib in Resources */,
				18FDAFD0207F01FD008AE54E /* VMOrderTotalTableViewCell.xib in Resources */,
				18FDAFE1207F270B008AE54E /* VMOrderDetailTableFooterViewDefault.xib in Resources */,
				18FDAFDB207F0A1F008AE54E /* VMSectionHeaderView.xib in Resources */,
				1832BF26207215FC00FC83B0 /* VMPersonalCenterTableViewCell.xib in Resources */,
				1832BF7320734C9000FC83B0 /* VMMessageCenterTableViewCell.xib in Resources */,
				1832BF89207367B700FC83B0 /* VMSelectAgentViewTableViewCell.xib in Resources */,
				180A84A320F4814B0001C1B4 /* VMRegisterViewController.xib in Resources */,
				18FDAFBF207DF472008AE54E /* VMOrderDetailViewController.xib in Resources */,
				18D99F54207B4CB500DAFB5F /* VMEvaluationTopView.xib in Resources */,
				1832BF2020720FFC00FC83B0 /* VMPersonalCenterViewController.xib in Resources */,
				18F7AA08207A062F009A4D4E /* VMFinishedOrderViewController.xib in Resources */,
				1832BF192071DE1B00FC83B0 /* VMWaitPickUpTableViewCell.xib in Resources */,
				18D99F50207B4C9D00DAFB5F /* VMEvaluationTableViewCell.xib in Resources */,
				18FDAFC5207DFF76008AE54E /* VMOrderDetailTableHeaderView.xib in Resources */,
				18FDAFB5207CBD16008AE54E /* VMVMOrderStatisticsTableViewCell.xib in Resources */,
				185B1DDA206E096300816924 /* CustomerTabBarView.xib in Resources */,
				18FDAFCB207EFCA4008AE54E /* VMOrderDetailTableViewCell.xib in Resources */,
				18035E9B208445E200181ABE /* VMSetupViewController.xib in Resources */,
				18D99F41207B3D2800DAFB5F /* VMFinishedTableViewCell.xib in Resources */,
				18FDAFF020805B7E008AE54E /* VMDatePicker.xib in Resources */,
				18CC221A206CBBED007E1274 /* Assets.xcassets in Resources */,
				18FDAFAF207CBA27008AE54E /* VMVMOrderStatisticsTableHeaderView.xib in Resources */,
				18D99F3B207B120400DAFB5F /* VMFinishedTableHeadView.xib in Resources */,
				1832BF67207317F000FC83B0 /* VMHelpViewController.xib in Resources */,
			);
			runOnlyForDeploymentPostprocessing = 0;
		};
/* End PBXResourcesBuildPhase section */

/* Begin PBXShellScriptBuildPhase section */
		112B17FC5EB76DC255E129C6 /* [CP] Copy Pods Resources */ = {
			isa = PBXShellScriptBuildPhase;
			buildActionMask = 2147483647;
			files = (
			);
			inputPaths = (
				"${SRCROOT}/Pods/Target Support Files/Pods-VegetableManagement/Pods-VegetableManagement-resources.sh",
				"${PODS_ROOT}/AMap3DMap/MAMapKit.framework/AMap.bundle",
				"${PODS_ROOT}/AMapNavi/AMapNaviKit.framework/AMapNavi.bundle",
			);
			name = "[CP] Copy Pods Resources";
			outputPaths = (
				"${TARGET_BUILD_DIR}/${UNLOCALIZED_RESOURCES_FOLDER_PATH}/AMap.bundle",
				"${TARGET_BUILD_DIR}/${UNLOCALIZED_RESOURCES_FOLDER_PATH}/AMapNavi.bundle",
			);
			runOnlyForDeploymentPostprocessing = 0;
			shellPath = /bin/sh;
			shellScript = "\"${SRCROOT}/Pods/Target Support Files/Pods-VegetableManagement/Pods-VegetableManagement-resources.sh\"\n";
			showEnvVarsInLog = 0;
		};
		4520534B2AAF8E5D48F0A004 /* [CP] Embed Pods Frameworks */ = {
			isa = PBXShellScriptBuildPhase;
			buildActionMask = 2147483647;
			files = (
			);
			inputPaths = (
				"${SRCROOT}/Pods/Target Support Files/Pods-VegetableManagement/Pods-VegetableManagement-frameworks.sh",
				"${BUILT_PRODUCTS_DIR}/AFDownloadRequestOperation/AFDownloadRequestOperation.framework",
				"${BUILT_PRODUCTS_DIR}/AFNetworking/AFNetworking.framework",
				"${BUILT_PRODUCTS_DIR}/DZNEmptyDataSet/DZNEmptyDataSet.framework",
				"${BUILT_PRODUCTS_DIR}/IQKeyboardManager/IQKeyboardManager.framework",
				"${BUILT_PRODUCTS_DIR}/MJRefresh/MJRefresh.framework",
				"${BUILT_PRODUCTS_DIR}/MMDrawerController/MMDrawerController.framework",
				"${BUILT_PRODUCTS_DIR}/Masonry/Masonry.framework",
				"${BUILT_PRODUCTS_DIR}/ReactiveObjC/ReactiveObjC.framework",
				"${BUILT_PRODUCTS_DIR}/Realm/Realm.framework",
				"${BUILT_PRODUCTS_DIR}/SDWebImage/SDWebImage.framework",
				"${BUILT_PRODUCTS_DIR}/SVProgressHUD/SVProgressHUD.framework",
				"${BUILT_PRODUCTS_DIR}/YTKNetwork/YTKNetwork.framework",
				"${BUILT_PRODUCTS_DIR}/YYModel/YYModel.framework",
			);
			name = "[CP] Embed Pods Frameworks";
			outputPaths = (
				"${TARGET_BUILD_DIR}/${FRAMEWORKS_FOLDER_PATH}/AFDownloadRequestOperation.framework",
				"${TARGET_BUILD_DIR}/${FRAMEWORKS_FOLDER_PATH}/AFNetworking.framework",
				"${TARGET_BUILD_DIR}/${FRAMEWORKS_FOLDER_PATH}/DZNEmptyDataSet.framework",
				"${TARGET_BUILD_DIR}/${FRAMEWORKS_FOLDER_PATH}/IQKeyboardManager.framework",
				"${TARGET_BUILD_DIR}/${FRAMEWORKS_FOLDER_PATH}/MJRefresh.framework",
				"${TARGET_BUILD_DIR}/${FRAMEWORKS_FOLDER_PATH}/MMDrawerController.framework",
				"${TARGET_BUILD_DIR}/${FRAMEWORKS_FOLDER_PATH}/Masonry.framework",
				"${TARGET_BUILD_DIR}/${FRAMEWORKS_FOLDER_PATH}/ReactiveObjC.framework",
				"${TARGET_BUILD_DIR}/${FRAMEWORKS_FOLDER_PATH}/Realm.framework",
				"${TARGET_BUILD_DIR}/${FRAMEWORKS_FOLDER_PATH}/SDWebImage.framework",
				"${TARGET_BUILD_DIR}/${FRAMEWORKS_FOLDER_PATH}/SVProgressHUD.framework",
				"${TARGET_BUILD_DIR}/${FRAMEWORKS_FOLDER_PATH}/YTKNetwork.framework",
				"${TARGET_BUILD_DIR}/${FRAMEWORKS_FOLDER_PATH}/YYModel.framework",
			);
			runOnlyForDeploymentPostprocessing = 0;
			shellPath = /bin/sh;
			shellScript = "\"${SRCROOT}/Pods/Target Support Files/Pods-VegetableManagement/Pods-VegetableManagement-frameworks.sh\"\n";
			showEnvVarsInLog = 0;
		};
		55D914DB6E642F430FE1C954 /* [CP] Check Pods Manifest.lock */ = {
			isa = PBXShellScriptBuildPhase;
			buildActionMask = 2147483647;
			files = (
			);
			inputPaths = (
				"${PODS_PODFILE_DIR_PATH}/Podfile.lock",
				"${PODS_ROOT}/Manifest.lock",
			);
			name = "[CP] Check Pods Manifest.lock";
			outputPaths = (
				"$(DERIVED_FILE_DIR)/Pods-VegetableManagement-checkManifestLockResult.txt",
			);
			runOnlyForDeploymentPostprocessing = 0;
			shellPath = /bin/sh;
			shellScript = "diff \"${PODS_PODFILE_DIR_PATH}/Podfile.lock\" \"${PODS_ROOT}/Manifest.lock\" > /dev/null\nif [ $? != 0 ] ; then\n    # print error to STDERR\n    echo \"error: The sandbox is not in sync with the Podfile.lock. Run 'pod install' or update your CocoaPods installation.\" >&2\n    exit 1\nfi\n# This output is used by Xcode 'outputs' to avoid re-running this script phase.\necho \"SUCCESS\" > \"${SCRIPT_OUTPUT_FILE_0}\"\n";
			showEnvVarsInLog = 0;
		};
/* End PBXShellScriptBuildPhase section */

/* Begin PBXSourcesBuildPhase section */
		18CC2209206CBBED007E1274 /* Sources */ = {
			isa = PBXSourcesBuildPhase;
			buildActionMask = 2147483647;
			files = (
				185B1DF0206E15E600816924 /* VMDeliveryOrderViewController.m in Sources */,
				18EBA9DD20F1B6D500A6A6B0 /* VMBaseRequest.m in Sources */,
				18FDAFD9207F0A13008AE54E /* VMSectionHeaderView.m in Sources */,
				18FDAFEC20805B59008AE54E /* VMDatePicker.m in Sources */,
				18CC2220206CBBED007E1274 /* main.m in Sources */,
				180A84A720F48B720001C1B4 /* VMForgetViewController.m in Sources */,
				18CC2240206CD5E9007E1274 /* BaseViewController.m in Sources */,
				185B1DE7206E11FC00816924 /* VMNewTaskViewController.m in Sources */,
				18EBA9EA20F1C88000A6A6B0 /* VMNewTaskListAPI.m in Sources */,
				187557432122DD5C00D3ABD2 /* VMGetLocationDistanceTools.m in Sources */,
				185B1DDD206E0DA600816924 /* VMTabBarController.m in Sources */,
				18D99F37207B11E100DAFB5F /* VMFinishedTableHeadView.m in Sources */,
				18EBA9F320F1E1DA00A6A6B0 /* VMGetPersonalInfoAPI.m in Sources */,
				18FDAFE8207F3EE3008AE54E /* VMUserLocationViewController.m in Sources */,
				1832BF25207215FC00FC83B0 /* VMPersonalCenterTableViewCell.m in Sources */,
				18EE075F20FB1E4000D2CC80 /* VMOrderStatisticsModel.m in Sources */,
				18FDAFA9207CB93A008AE54E /* VMOrderStatisticsViewController.m in Sources */,
				18EE075B20FB179400D2CC80 /* VMMessageCenterModel.m in Sources */,
				1832BF88207367B700FC83B0 /* VMSelectAgentViewTableViewCell.m in Sources */,
				18CC2212206CBBED007E1274 /* AppDelegate.m in Sources */,
				18EBA9E720F1C76300A6A6B0 /* VMLoginUserInfoModel.m in Sources */,
				185B1DE0206E0EAF00816924 /* VMCustomTabBar.m in Sources */,
				18035E9A208445E200181ABE /* VMSetupTableViewCell.m in Sources */,
				18D99F58207B4F2000DAFB5F /* XHStarRateView.m in Sources */,
				18EBA9FF20F1E8B000A6A6B0 /* VMGetWaitPickUpListAPI.m in Sources */,
				18F7AA012079FE52009A4D4E /* VMLoginViewController.m in Sources */,
				18EBA9E020F1B7D400A6A6B0 /* VMBaseModel.m in Sources */,
				18FDAFBE207DF472008AE54E /* VMOrderDetailViewController.m in Sources */,
				18EBA9F920F1E39D00A6A6B0 /* VMGetEvaluationInfoAPI.m in Sources */,
				1832BF7720735A2900FC83B0 /* VMMessageDetailViewController.m in Sources */,
				18EBA9ED20F1CA6300A6A6B0 /* VMGetEvaluationListAPI.m in Sources */,
				1832BF1F20720FFC00FC83B0 /* VMPersonalCenterViewController.m in Sources */,
				180A84A220F4814B0001C1B4 /* VMRegisterViewController.m in Sources */,
				18EBA9F020F1E16500A6A6B0 /* VMGetMessageCenterListAPI.m in Sources */,
				18F7AA07207A062F009A4D4E /* VMFinishedOrderViewController.m in Sources */,
				185B1DF3206E161900816924 /* BaseTableViewController.m in Sources */,
				18F7AA0C207A0DC2009A4D4E /* VMFinishedTableViewController.m in Sources */,
				18EE075720F88D5500D2CC80 /* VMNewTaskItemModel.m in Sources */,
				1832BF7220734C9000FC83B0 /* VMMessageCenterTableViewCell.m in Sources */,
				18FDAFCA207EFCA4008AE54E /* VMOrderDetailTableViewCell.m in Sources */,
				180A84AB20F493FF0001C1B4 /* VMRegisterAPI.m in Sources */,
				18EBA9F620F1E2A100A6A6B0 /* VMGetOrderStatisticsListAPI.m in Sources */,
				187557402122D4D100D3ABD2 /* VMGetUserLocation.m in Sources */,
				187557372122AEA700D3ABD2 /* VMForgetPasswordAPI.m in Sources */,
				18FDAFB4207CBD16008AE54E /* VMVMOrderStatisticsTableViewCell.m in Sources */,
				18FDAFCF207F01FD008AE54E /* VMOrderTotalTableViewCell.m in Sources */,
				185B1DD6206E092700816924 /* CustomerTabBarView.m in Sources */,
				1832BF182071DE1B00FC83B0 /* VMWaitPickUpTableViewCell.m in Sources */,
				187557342122ABC800D3ABD2 /* VMGetVerificationCodeRequest.m in Sources */,
				18035E98208445E200181ABE /* VMSetupViewController.m in Sources */,
				18EBA9DC20F1B6D500A6A6B0 /* VMResponseModel.m in Sources */,
				18D99F46207B4C4800DAFB5F /* VMEvaluationTableViewController.m in Sources */,
				185B1DEA206E154200816924 /* VMNavigationController.m in Sources */,
				18CC2242206CD5E9007E1274 /* CommonTools.m in Sources */,
				1832BF66207317F000FC83B0 /* VMHelpViewController.m in Sources */,
				1832BF8C2074AD3500FC83B0 /* VMTabBarView.m in Sources */,
				18D99F4F207B4C9D00DAFB5F /* VMEvaluationTableViewCell.m in Sources */,
				18EBAA0820F1EF7D00A6A6B0 /* VMGetFinishedOrderListAPI.m in Sources */,
				18FDAFDF207F2630008AE54E /* VMOrderDetailTableFooterView.m in Sources */,
				185B1DED206E15D000816924 /* VMWaitPickUpViewController.m in Sources */,
				18FDAFC3207DFF67008AE54E /* VMOrderDetailTableHeaderView.m in Sources */,
				1832BF6C20734C3500FC83B0 /* VMMessageCenterViewController.m in Sources */,
				1875573A2122C7DE00D3ABD2 /* VMSearchLocationTools.m in Sources */,
				18EBAA0220F1EB0700A6A6B0 /* VMDeliveryOrderGetListAPI.m in Sources */,
				1832BF822073659600FC83B0 /* VMSelectAgentViewController.m in Sources */,
				18EBA9FC20F1E80100A6A6B0 /* VMGetTablCountAPI.m in Sources */,
				18EBAA0520F1EC9100A6A6B0 /* VMGetFinishedOrderTabCountAPi.m in Sources */,
				18FDAFAD207CBA07008AE54E /* VMVMOrderStatisticsTableHeaderView.m in Sources */,
				18EBAA0B20F1F0AC00A6A6B0 /* VMGetFinishedOrderCancleListAPI.m in Sources */,
				18EBA9E420F1BB8E00A6A6B0 /* VMLoginRequestAPI.m in Sources */,
				18FDAFD4207F0550008AE54E /* VMOrderTrackingTableViewCell.m in Sources */,
				18D99F40207B3D2800DAFB5F /* VMFinishedTableViewCell.m in Sources */,
				185B1DF8206E24CD00816924 /* VMNewTaskTableViewCell.m in Sources */,
				18D99F4B207B4C8000DAFB5F /* VMEvaluationTopView.m in Sources */,
			);
			runOnlyForDeploymentPostprocessing = 0;
		};
/* End PBXSourcesBuildPhase section */

/* Begin XCBuildConfiguration section */
		18CC2221206CBBED007E1274 /* Debug */ = {
			isa = XCBuildConfiguration;
			buildSettings = {
				ALWAYS_SEARCH_USER_PATHS = NO;
				CLANG_ANALYZER_NONNULL = YES;
				CLANG_ANALYZER_NUMBER_OBJECT_CONVERSION = YES_AGGRESSIVE;
				CLANG_CXX_LANGUAGE_STANDARD = "gnu++14";
				CLANG_CXX_LIBRARY = "libc++";
				CLANG_ENABLE_MODULES = YES;
				CLANG_ENABLE_OBJC_ARC = YES;
				CLANG_WARN_BLOCK_CAPTURE_AUTORELEASING = YES;
				CLANG_WARN_BOOL_CONVERSION = YES;
				CLANG_WARN_COMMA = YES;
				CLANG_WARN_CONSTANT_CONVERSION = YES;
				CLANG_WARN_DEPRECATED_OBJC_IMPLEMENTATIONS = YES;
				CLANG_WARN_DIRECT_OBJC_ISA_USAGE = YES_ERROR;
				CLANG_WARN_DOCUMENTATION_COMMENTS = YES;
				CLANG_WARN_EMPTY_BODY = YES;
				CLANG_WARN_ENUM_CONVERSION = YES;
				CLANG_WARN_INFINITE_RECURSION = YES;
				CLANG_WARN_INT_CONVERSION = YES;
				CLANG_WARN_NON_LITERAL_NULL_CONVERSION = YES;
				CLANG_WARN_OBJC_IMPLICIT_RETAIN_SELF = YES;
				CLANG_WARN_OBJC_LITERAL_CONVERSION = YES;
				CLANG_WARN_OBJC_ROOT_CLASS = YES_ERROR;
				CLANG_WARN_RANGE_LOOP_ANALYSIS = YES;
				CLANG_WARN_STRICT_PROTOTYPES = YES;
				CLANG_WARN_SUSPICIOUS_MOVE = YES;
				CLANG_WARN_UNGUARDED_AVAILABILITY = YES_AGGRESSIVE;
				CLANG_WARN_UNREACHABLE_CODE = YES;
				CLANG_WARN__DUPLICATE_METHOD_MATCH = YES;
				CODE_SIGN_IDENTITY = "iPhone Developer";
				COPY_PHASE_STRIP = NO;
				DEBUG_INFORMATION_FORMAT = dwarf;
				ENABLE_STRICT_OBJC_MSGSEND = YES;
				ENABLE_TESTABILITY = YES;
				GCC_C_LANGUAGE_STANDARD = gnu11;
				GCC_DYNAMIC_NO_PIC = NO;
				GCC_NO_COMMON_BLOCKS = YES;
				GCC_OPTIMIZATION_LEVEL = 0;
				GCC_PREPROCESSOR_DEFINITIONS = (
					"DEBUG=1",
					"$(inherited)",
				);
				GCC_WARN_64_TO_32_BIT_CONVERSION = YES;
				GCC_WARN_ABOUT_RETURN_TYPE = YES_ERROR;
				GCC_WARN_UNDECLARED_SELECTOR = YES;
				GCC_WARN_UNINITIALIZED_AUTOS = YES_AGGRESSIVE;
				GCC_WARN_UNUSED_FUNCTION = YES;
				GCC_WARN_UNUSED_VARIABLE = YES;
				IPHONEOS_DEPLOYMENT_TARGET = 11.2;
				MTL_ENABLE_DEBUG_INFO = YES;
				ONLY_ACTIVE_ARCH = YES;
				SDKROOT = iphoneos;
			};
			name = Debug;
		};
		18CC2222206CBBED007E1274 /* Release */ = {
			isa = XCBuildConfiguration;
			buildSettings = {
				ALWAYS_SEARCH_USER_PATHS = NO;
				CLANG_ANALYZER_NONNULL = YES;
				CLANG_ANALYZER_NUMBER_OBJECT_CONVERSION = YES_AGGRESSIVE;
				CLANG_CXX_LANGUAGE_STANDARD = "gnu++14";
				CLANG_CXX_LIBRARY = "libc++";
				CLANG_ENABLE_MODULES = YES;
				CLANG_ENABLE_OBJC_ARC = YES;
				CLANG_WARN_BLOCK_CAPTURE_AUTORELEASING = YES;
				CLANG_WARN_BOOL_CONVERSION = YES;
				CLANG_WARN_COMMA = YES;
				CLANG_WARN_CONSTANT_CONVERSION = YES;
				CLANG_WARN_DEPRECATED_OBJC_IMPLEMENTATIONS = YES;
				CLANG_WARN_DIRECT_OBJC_ISA_USAGE = YES_ERROR;
				CLANG_WARN_DOCUMENTATION_COMMENTS = YES;
				CLANG_WARN_EMPTY_BODY = YES;
				CLANG_WARN_ENUM_CONVERSION = YES;
				CLANG_WARN_INFINITE_RECURSION = YES;
				CLANG_WARN_INT_CONVERSION = YES;
				CLANG_WARN_NON_LITERAL_NULL_CONVERSION = YES;
				CLANG_WARN_OBJC_IMPLICIT_RETAIN_SELF = YES;
				CLANG_WARN_OBJC_LITERAL_CONVERSION = YES;
				CLANG_WARN_OBJC_ROOT_CLASS = YES_ERROR;
				CLANG_WARN_RANGE_LOOP_ANALYSIS = YES;
				CLANG_WARN_STRICT_PROTOTYPES = YES;
				CLANG_WARN_SUSPICIOUS_MOVE = YES;
				CLANG_WARN_UNGUARDED_AVAILABILITY = YES_AGGRESSIVE;
				CLANG_WARN_UNREACHABLE_CODE = YES;
				CLANG_WARN__DUPLICATE_METHOD_MATCH = YES;
				CODE_SIGN_IDENTITY = "iPhone Developer";
				COPY_PHASE_STRIP = NO;
				DEBUG_INFORMATION_FORMAT = "dwarf-with-dsym";
				ENABLE_NS_ASSERTIONS = NO;
				ENABLE_STRICT_OBJC_MSGSEND = YES;
				GCC_C_LANGUAGE_STANDARD = gnu11;
				GCC_NO_COMMON_BLOCKS = YES;
				GCC_WARN_64_TO_32_BIT_CONVERSION = YES;
				GCC_WARN_ABOUT_RETURN_TYPE = YES_ERROR;
				GCC_WARN_UNDECLARED_SELECTOR = YES;
				GCC_WARN_UNINITIALIZED_AUTOS = YES_AGGRESSIVE;
				GCC_WARN_UNUSED_FUNCTION = YES;
				GCC_WARN_UNUSED_VARIABLE = YES;
				IPHONEOS_DEPLOYMENT_TARGET = 11.2;
				MTL_ENABLE_DEBUG_INFO = NO;
				SDKROOT = iphoneos;
				VALIDATE_PRODUCT = YES;
			};
			name = Release;
		};
		18CC2224206CBBED007E1274 /* Debug */ = {
			isa = XCBuildConfiguration;
			baseConfigurationReference = 75D29ADE452037068377BC3C /* Pods-VegetableManagement.debug.xcconfig */;
			buildSettings = {
				ASSETCATALOG_COMPILER_APPICON_NAME = AppIcon;
				ASSETCATALOG_COMPILER_LAUNCHIMAGE_NAME = LaunchImage;
				CODE_SIGN_STYLE = Manual;
				DEVELOPMENT_TEAM = 8M4UTM4W65;
				GCC_PREFIX_HEADER = "$(SRCROOT)/VegetableManagement/Tools/VegetableHeaderFile.pch";
				INFOPLIST_FILE = VegetableManagement/Info.plist;
				LD_RUNPATH_SEARCH_PATHS = "$(inherited) @executable_path/Frameworks";
				PRODUCT_BUNDLE_IDENTIFIER = com.qianshou.managementvegetable;
				PRODUCT_NAME = "$(TARGET_NAME)";
				PROVISIONING_PROFILE = "9b738bbd-04e3-4a30-a52d-bb1e2b56d791";
				PROVISIONING_PROFILE_SPECIFIER = managementvegetable_dev_file;
				TARGETED_DEVICE_FAMILY = 1;
			};
			name = Debug;
		};
		18CC2225206CBBED007E1274 /* Release */ = {
			isa = XCBuildConfiguration;
			baseConfigurationReference = E929BAB2B45D3F3CF0BCC35C /* Pods-VegetableManagement.release.xcconfig */;
			buildSettings = {
				ASSETCATALOG_COMPILER_APPICON_NAME = AppIcon;
				ASSETCATALOG_COMPILER_LAUNCHIMAGE_NAME = LaunchImage;
				CODE_SIGN_IDENTITY = "iPhone Distribution";
				CODE_SIGN_STYLE = Manual;
				DEVELOPMENT_TEAM = 8M4UTM4W65;
				GCC_PREFIX_HEADER = "$(SRCROOT)/VegetableManagement/Tools/VegetableHeaderFile.pch";
				INFOPLIST_FILE = VegetableManagement/Info.plist;
				LD_RUNPATH_SEARCH_PATHS = "$(inherited) @executable_path/Frameworks";
				PRODUCT_BUNDLE_IDENTIFIER = com.qianshou.managementvegetable;
				PRODUCT_NAME = "$(TARGET_NAME)";
				PROVISIONING_PROFILE = "7ced6562-64f0-4a46-be9f-92330aeadd85";
				PROVISIONING_PROFILE_SPECIFIER = managementvegetable_dis_file;
				TARGETED_DEVICE_FAMILY = 1;
			};
			name = Release;
		};
/* End XCBuildConfiguration section */

/* Begin XCConfigurationList section */
		18CC2208206CBBED007E1274 /* Build configuration list for PBXProject "VegetableManagement" */ = {
			isa = XCConfigurationList;
			buildConfigurations = (
				18CC2221206CBBED007E1274 /* Debug */,
				18CC2222206CBBED007E1274 /* Release */,
			);
			defaultConfigurationIsVisible = 0;
			defaultConfigurationName = Release;
		};
		18CC2223206CBBED007E1274 /* Build configuration list for PBXNativeTarget "VegetableManagement" */ = {
			isa = XCConfigurationList;
			buildConfigurations = (
				18CC2224206CBBED007E1274 /* Debug */,
				18CC2225206CBBED007E1274 /* Release */,
			);
			defaultConfigurationIsVisible = 0;
			defaultConfigurationName = Release;
		};
/* End XCConfigurationList section */
	};
	rootObject = 18CC2205206CBBED007E1274 /* Project object */;
}
