// !$*UTF8*$!
{
	archiveVersion = 1;
	classes = {
	};
	objectVersion = 48;
	objects = {

/* Begin PBXBuildFile section */
		1832BF182071DE1B00FC83B0 /* VMWaitPickUpTableViewCell.m in Sources */ = {isa = PBXBuildFile; fileRef = 1832BF152071DE1A00FC83B0 /* VMWaitPickUpTableViewCell.m */; };
		1832BF192071DE1B00FC83B0 /* VMWaitPickUpTableViewCell.xib in Resources */ = {isa = PBXBuildFile; fileRef = 1832BF172071DE1A00FC83B0 /* VMWaitPickUpTableViewCell.xib */; };
		1832BF1F20720FFC00FC83B0 /* VMPersonalCenterViewController.m in Sources */ = {isa = PBXBuildFile; fileRef = 1832BF1D20720FFC00FC83B0 /* VMPersonalCenterViewController.m */; };
		1832BF2020720FFC00FC83B0 /* VMPersonalCenterViewController.xib in Resources */ = {isa = PBXBuildFile; fileRef = 1832BF1E20720FFC00FC83B0 /* VMPersonalCenterViewController.xib */; };
		1832BF25207215FC00FC83B0 /* VMPersonalCenterTableViewCell.m in Sources */ = {isa = PBXBuildFile; fileRef = 1832BF23207215FC00FC83B0 /* VMPersonalCenterTableViewCell.m */; };
		1832BF26207215FC00FC83B0 /* VMPersonalCenterTableViewCell.xib in Resources */ = {isa = PBXBuildFile; fileRef = 1832BF24207215FC00FC83B0 /* VMPersonalCenterTableViewCell.xib */; };
		1832BF532072225400FC83B0 /* VMSetupViewController.m in Sources */ = {isa = PBXBuildFile; fileRef = 1832BF512072225400FC83B0 /* VMSetupViewController.m */; };
		1832BF542072225400FC83B0 /* VMSetupViewController.xib in Resources */ = {isa = PBXBuildFile; fileRef = 1832BF522072225400FC83B0 /* VMSetupViewController.xib */; };
		1832BF5F20722D0000FC83B0 /* VMSetupTableViewCell.xib in Resources */ = {isa = PBXBuildFile; fileRef = 1832BF5C20722D0000FC83B0 /* VMSetupTableViewCell.xib */; };
		1832BF6020722D0000FC83B0 /* VMSetupTableViewCell.m in Sources */ = {isa = PBXBuildFile; fileRef = 1832BF5E20722D0000FC83B0 /* VMSetupTableViewCell.m */; };
		1832BF66207317F000FC83B0 /* VMHelpViewController.m in Sources */ = {isa = PBXBuildFile; fileRef = 1832BF64207317F000FC83B0 /* VMHelpViewController.m */; };
		1832BF67207317F000FC83B0 /* VMHelpViewController.xib in Resources */ = {isa = PBXBuildFile; fileRef = 1832BF65207317F000FC83B0 /* VMHelpViewController.xib */; };
		185B1DD6206E092700816924 /* CustomerTabBarView.m in Sources */ = {isa = PBXBuildFile; fileRef = 185B1DD5206E092700816924 /* CustomerTabBarView.m */; };
		185B1DDA206E096300816924 /* CustomerTabBarView.xib in Resources */ = {isa = PBXBuildFile; fileRef = 185B1DD9206E096300816924 /* CustomerTabBarView.xib */; };
		185B1DDD206E0DA600816924 /* VMTabBarController.m in Sources */ = {isa = PBXBuildFile; fileRef = 185B1DDC206E0DA600816924 /* VMTabBarController.m */; };
		185B1DE0206E0EAF00816924 /* VMCustomTabBar.m in Sources */ = {isa = PBXBuildFile; fileRef = 185B1DDF206E0EAF00816924 /* VMCustomTabBar.m */; };
		185B1DE7206E11FC00816924 /* VMNewTaskViewController.m in Sources */ = {isa = PBXBuildFile; fileRef = 185B1DE6206E11FC00816924 /* VMNewTaskViewController.m */; };
		185B1DEA206E154200816924 /* VMNavigationController.m in Sources */ = {isa = PBXBuildFile; fileRef = 185B1DE9206E154200816924 /* VMNavigationController.m */; };
		185B1DED206E15D000816924 /* VMWaitPickUpViewController.m in Sources */ = {isa = PBXBuildFile; fileRef = 185B1DEC206E15D000816924 /* VMWaitPickUpViewController.m */; };
		185B1DF0206E15E600816924 /* VMDeliveryOrderViewController.m in Sources */ = {isa = PBXBuildFile; fileRef = 185B1DEF206E15E600816924 /* VMDeliveryOrderViewController.m */; };
		185B1DF3206E161900816924 /* BaseTableViewController.m in Sources */ = {isa = PBXBuildFile; fileRef = 185B1DF1206E161800816924 /* BaseTableViewController.m */; };
		185B1DF8206E24CD00816924 /* VMNewTaskTableViewCell.m in Sources */ = {isa = PBXBuildFile; fileRef = 185B1DF6206E24CD00816924 /* VMNewTaskTableViewCell.m */; };
		185B1DF9206E24CD00816924 /* VMNewTaskTableViewCell.xib in Resources */ = {isa = PBXBuildFile; fileRef = 185B1DF7206E24CD00816924 /* VMNewTaskTableViewCell.xib */; };
		18CC2212206CBBED007E1274 /* AppDelegate.m in Sources */ = {isa = PBXBuildFile; fileRef = 18CC2211206CBBED007E1274 /* AppDelegate.m */; };
		18CC221A206CBBED007E1274 /* Assets.xcassets in Resources */ = {isa = PBXBuildFile; fileRef = 18CC2219206CBBED007E1274 /* Assets.xcassets */; };
		18CC2220206CBBED007E1274 /* main.m in Sources */ = {isa = PBXBuildFile; fileRef = 18CC221F206CBBED007E1274 /* main.m */; };
		18CC2240206CD5E9007E1274 /* BaseViewController.m in Sources */ = {isa = PBXBuildFile; fileRef = 18CC2237206CD5E9007E1274 /* BaseViewController.m */; };
		18CC2242206CD5E9007E1274 /* CommonTools.m in Sources */ = {isa = PBXBuildFile; fileRef = 18CC223D206CD5E9007E1274 /* CommonTools.m */; };
		89F31D8AC665279E1A817B70 /* Pods_VegetableManagement.framework in Frameworks */ = {isa = PBXBuildFile; fileRef = D83F405C6F6A6BB5575622E0 /* Pods_VegetableManagement.framework */; };
/* End PBXBuildFile section */

/* Begin PBXFileReference section */
		1832BF152071DE1A00FC83B0 /* VMWaitPickUpTableViewCell.m */ = {isa = PBXFileReference; fileEncoding = 4; lastKnownFileType = sourcecode.c.objc; path = VMWaitPickUpTableViewCell.m; sourceTree = "<group>"; };
		1832BF162071DE1A00FC83B0 /* VMWaitPickUpTableViewCell.h */ = {isa = PBXFileReference; fileEncoding = 4; lastKnownFileType = sourcecode.c.h; path = VMWaitPickUpTableViewCell.h; sourceTree = "<group>"; };
		1832BF172071DE1A00FC83B0 /* VMWaitPickUpTableViewCell.xib */ = {isa = PBXFileReference; fileEncoding = 4; lastKnownFileType = file.xib; path = VMWaitPickUpTableViewCell.xib; sourceTree = "<group>"; };
		1832BF1C20720FFC00FC83B0 /* VMPersonalCenterViewController.h */ = {isa = PBXFileReference; lastKnownFileType = sourcecode.c.h; path = VMPersonalCenterViewController.h; sourceTree = "<group>"; };
		1832BF1D20720FFC00FC83B0 /* VMPersonalCenterViewController.m */ = {isa = PBXFileReference; lastKnownFileType = sourcecode.c.objc; path = VMPersonalCenterViewController.m; sourceTree = "<group>"; };
		1832BF1E20720FFC00FC83B0 /* VMPersonalCenterViewController.xib */ = {isa = PBXFileReference; lastKnownFileType = file.xib; path = VMPersonalCenterViewController.xib; sourceTree = "<group>"; };
		1832BF22207215FC00FC83B0 /* VMPersonalCenterTableViewCell.h */ = {isa = PBXFileReference; lastKnownFileType = sourcecode.c.h; path = VMPersonalCenterTableViewCell.h; sourceTree = "<group>"; };
		1832BF23207215FC00FC83B0 /* VMPersonalCenterTableViewCell.m */ = {isa = PBXFileReference; lastKnownFileType = sourcecode.c.objc; path = VMPersonalCenterTableViewCell.m; sourceTree = "<group>"; };
		1832BF24207215FC00FC83B0 /* VMPersonalCenterTableViewCell.xib */ = {isa = PBXFileReference; lastKnownFileType = file.xib; path = VMPersonalCenterTableViewCell.xib; sourceTree = "<group>"; };
		1832BF502072225400FC83B0 /* VMSetupViewController.h */ = {isa = PBXFileReference; lastKnownFileType = sourcecode.c.h; path = VMSetupViewController.h; sourceTree = "<group>"; };
		1832BF512072225400FC83B0 /* VMSetupViewController.m */ = {isa = PBXFileReference; lastKnownFileType = sourcecode.c.objc; path = VMSetupViewController.m; sourceTree = "<group>"; };
		1832BF522072225400FC83B0 /* VMSetupViewController.xib */ = {isa = PBXFileReference; lastKnownFileType = file.xib; path = VMSetupViewController.xib; sourceTree = "<group>"; };
		1832BF5C20722D0000FC83B0 /* VMSetupTableViewCell.xib */ = {isa = PBXFileReference; fileEncoding = 4; lastKnownFileType = file.xib; path = VMSetupTableViewCell.xib; sourceTree = "<group>"; };
		1832BF5D20722D0000FC83B0 /* VMSetupTableViewCell.h */ = {isa = PBXFileReference; fileEncoding = 4; lastKnownFileType = sourcecode.c.h; path = VMSetupTableViewCell.h; sourceTree = "<group>"; };
		1832BF5E20722D0000FC83B0 /* VMSetupTableViewCell.m */ = {isa = PBXFileReference; fileEncoding = 4; lastKnownFileType = sourcecode.c.objc; path = VMSetupTableViewCell.m; sourceTree = "<group>"; };
		1832BF63207317F000FC83B0 /* VMHelpViewController.h */ = {isa = PBXFileReference; lastKnownFileType = sourcecode.c.h; path = VMHelpViewController.h; sourceTree = "<group>"; };
		1832BF64207317F000FC83B0 /* VMHelpViewController.m */ = {isa = PBXFileReference; lastKnownFileType = sourcecode.c.objc; path = VMHelpViewController.m; sourceTree = "<group>"; };
		1832BF65207317F000FC83B0 /* VMHelpViewController.xib */ = {isa = PBXFileReference; lastKnownFileType = file.xib; path = VMHelpViewController.xib; sourceTree = "<group>"; };
		185B1DD4206E092700816924 /* CustomerTabBarView.h */ = {isa = PBXFileReference; lastKnownFileType = sourcecode.c.h; path = CustomerTabBarView.h; sourceTree = "<group>"; };
		185B1DD5206E092700816924 /* CustomerTabBarView.m */ = {isa = PBXFileReference; lastKnownFileType = sourcecode.c.objc; path = CustomerTabBarView.m; sourceTree = "<group>"; };
		185B1DD9206E096300816924 /* CustomerTabBarView.xib */ = {isa = PBXFileReference; lastKnownFileType = file.xib; path = CustomerTabBarView.xib; sourceTree = "<group>"; };
		185B1DDB206E0DA600816924 /* VMTabBarController.h */ = {isa = PBXFileReference; lastKnownFileType = sourcecode.c.h; path = VMTabBarController.h; sourceTree = "<group>"; };
		185B1DDC206E0DA600816924 /* VMTabBarController.m */ = {isa = PBXFileReference; lastKnownFileType = sourcecode.c.objc; path = VMTabBarController.m; sourceTree = "<group>"; };
		185B1DDE206E0EAF00816924 /* VMCustomTabBar.h */ = {isa = PBXFileReference; lastKnownFileType = sourcecode.c.h; path = VMCustomTabBar.h; sourceTree = "<group>"; };
		185B1DDF206E0EAF00816924 /* VMCustomTabBar.m */ = {isa = PBXFileReference; lastKnownFileType = sourcecode.c.objc; path = VMCustomTabBar.m; sourceTree = "<group>"; };
		185B1DE5206E11FC00816924 /* VMNewTaskViewController.h */ = {isa = PBXFileReference; lastKnownFileType = sourcecode.c.h; path = VMNewTaskViewController.h; sourceTree = "<group>"; };
		185B1DE6206E11FC00816924 /* VMNewTaskViewController.m */ = {isa = PBXFileReference; lastKnownFileType = sourcecode.c.objc; path = VMNewTaskViewController.m; sourceTree = "<group>"; };
		185B1DE8206E154200816924 /* VMNavigationController.h */ = {isa = PBXFileReference; lastKnownFileType = sourcecode.c.h; path = VMNavigationController.h; sourceTree = "<group>"; };
		185B1DE9206E154200816924 /* VMNavigationController.m */ = {isa = PBXFileReference; lastKnownFileType = sourcecode.c.objc; path = VMNavigationController.m; sourceTree = "<group>"; };
		185B1DEB206E15D000816924 /* VMWaitPickUpViewController.h */ = {isa = PBXFileReference; lastKnownFileType = sourcecode.c.h; path = VMWaitPickUpViewController.h; sourceTree = "<group>"; };
		185B1DEC206E15D000816924 /* VMWaitPickUpViewController.m */ = {isa = PBXFileReference; lastKnownFileType = sourcecode.c.objc; path = VMWaitPickUpViewController.m; sourceTree = "<group>"; };
		185B1DEE206E15E600816924 /* VMDeliveryOrderViewController.h */ = {isa = PBXFileReference; lastKnownFileType = sourcecode.c.h; path = VMDeliveryOrderViewController.h; sourceTree = "<group>"; };
		185B1DEF206E15E600816924 /* VMDeliveryOrderViewController.m */ = {isa = PBXFileReference; lastKnownFileType = sourcecode.c.objc; path = VMDeliveryOrderViewController.m; sourceTree = "<group>"; };
		185B1DF1206E161800816924 /* BaseTableViewController.m */ = {isa = PBXFileReference; fileEncoding = 4; lastKnownFileType = sourcecode.c.objc; path = BaseTableViewController.m; sourceTree = "<group>"; };
		185B1DF2206E161800816924 /* BaseTableViewController.h */ = {isa = PBXFileReference; fileEncoding = 4; lastKnownFileType = sourcecode.c.h; path = BaseTableViewController.h; sourceTree = "<group>"; };
		185B1DF5206E24CD00816924 /* VMNewTaskTableViewCell.h */ = {isa = PBXFileReference; lastKnownFileType = sourcecode.c.h; path = VMNewTaskTableViewCell.h; sourceTree = "<group>"; };
		185B1DF6206E24CD00816924 /* VMNewTaskTableViewCell.m */ = {isa = PBXFileReference; lastKnownFileType = sourcecode.c.objc; path = VMNewTaskTableViewCell.m; sourceTree = "<group>"; };
		185B1DF7206E24CD00816924 /* VMNewTaskTableViewCell.xib */ = {isa = PBXFileReference; lastKnownFileType = file.xib; path = VMNewTaskTableViewCell.xib; sourceTree = "<group>"; };
		18CC220D206CBBED007E1274 /* VegetableManagement.app */ = {isa = PBXFileReference; explicitFileType = wrapper.application; includeInIndex = 0; path = VegetableManagement.app; sourceTree = BUILT_PRODUCTS_DIR; };
		18CC2210206CBBED007E1274 /* AppDelegate.h */ = {isa = PBXFileReference; lastKnownFileType = sourcecode.c.h; path = AppDelegate.h; sourceTree = "<group>"; };
		18CC2211206CBBED007E1274 /* AppDelegate.m */ = {isa = PBXFileReference; lastKnownFileType = sourcecode.c.objc; path = AppDelegate.m; sourceTree = "<group>"; };
		18CC2219206CBBED007E1274 /* Assets.xcassets */ = {isa = PBXFileReference; lastKnownFileType = folder.assetcatalog; path = Assets.xcassets; sourceTree = "<group>"; };
		18CC221E206CBBED007E1274 /* Info.plist */ = {isa = PBXFileReference; lastKnownFileType = text.plist.xml; path = Info.plist; sourceTree = "<group>"; };
		18CC221F206CBBED007E1274 /* main.m */ = {isa = PBXFileReference; lastKnownFileType = sourcecode.c.objc; path = main.m; sourceTree = "<group>"; };
		18CC2237206CD5E9007E1274 /* BaseViewController.m */ = {isa = PBXFileReference; fileEncoding = 4; lastKnownFileType = sourcecode.c.objc; path = BaseViewController.m; sourceTree = "<group>"; };
		18CC2239206CD5E9007E1274 /* BaseViewController.h */ = {isa = PBXFileReference; fileEncoding = 4; lastKnownFileType = sourcecode.c.h; path = BaseViewController.h; sourceTree = "<group>"; };
		18CC223C206CD5E9007E1274 /* VegetableHeaderFile.pch */ = {isa = PBXFileReference; fileEncoding = 4; lastKnownFileType = sourcecode.c.h; path = VegetableHeaderFile.pch; sourceTree = "<group>"; };
		18CC223D206CD5E9007E1274 /* CommonTools.m */ = {isa = PBXFileReference; fileEncoding = 4; lastKnownFileType = sourcecode.c.objc; path = CommonTools.m; sourceTree = "<group>"; };
		18CC223F206CD5E9007E1274 /* CommonTools.h */ = {isa = PBXFileReference; fileEncoding = 4; lastKnownFileType = sourcecode.c.h; path = CommonTools.h; sourceTree = "<group>"; };
		75D29ADE452037068377BC3C /* Pods-VegetableManagement.debug.xcconfig */ = {isa = PBXFileReference; includeInIndex = 1; lastKnownFileType = text.xcconfig; name = "Pods-VegetableManagement.debug.xcconfig"; path = "Pods/Target Support Files/Pods-VegetableManagement/Pods-VegetableManagement.debug.xcconfig"; sourceTree = "<group>"; };
		D83F405C6F6A6BB5575622E0 /* Pods_VegetableManagement.framework */ = {isa = PBXFileReference; explicitFileType = wrapper.framework; includeInIndex = 0; path = Pods_VegetableManagement.framework; sourceTree = BUILT_PRODUCTS_DIR; };
		E929BAB2B45D3F3CF0BCC35C /* Pods-VegetableManagement.release.xcconfig */ = {isa = PBXFileReference; includeInIndex = 1; lastKnownFileType = text.xcconfig; name = "Pods-VegetableManagement.release.xcconfig"; path = "Pods/Target Support Files/Pods-VegetableManagement/Pods-VegetableManagement.release.xcconfig"; sourceTree = "<group>"; };
/* End PBXFileReference section */

/* Begin PBXFrameworksBuildPhase section */
		18CC220A206CBBED007E1274 /* Frameworks */ = {
			isa = PBXFrameworksBuildPhase;
			buildActionMask = 2147483647;
			files = (
				89F31D8AC665279E1A817B70 /* Pods_VegetableManagement.framework in Frameworks */,
			);
			runOnlyForDeploymentPostprocessing = 0;
		};
/* End PBXFrameworksBuildPhase section */

/* Begin PBXGroup section */
		1832BF142071DE1A00FC83B0 /* Cell */ = {
			isa = PBXGroup;
			children = (
				1832BF162071DE1A00FC83B0 /* VMWaitPickUpTableViewCell.h */,
				1832BF152071DE1A00FC83B0 /* VMWaitPickUpTableViewCell.m */,
				1832BF172071DE1A00FC83B0 /* VMWaitPickUpTableViewCell.xib */,
			);
			path = Cell;
			sourceTree = "<group>";
		};
		1832BF1B20720C5500FC83B0 /* PersonalCenter(个人中心) */ = {
			isa = PBXGroup;
			children = (
				1832BF21207215E100FC83B0 /* Cell */,
				1832BF1C20720FFC00FC83B0 /* VMPersonalCenterViewController.h */,
				1832BF1D20720FFC00FC83B0 /* VMPersonalCenterViewController.m */,
				1832BF1E20720FFC00FC83B0 /* VMPersonalCenterViewController.xib */,
			);
			path = "PersonalCenter(个人中心)";
			sourceTree = "<group>";
		};
		1832BF21207215E100FC83B0 /* Cell */ = {
			isa = PBXGroup;
			children = (
				1832BF22207215FC00FC83B0 /* VMPersonalCenterTableViewCell.h */,
				1832BF23207215FC00FC83B0 /* VMPersonalCenterTableViewCell.m */,
				1832BF24207215FC00FC83B0 /* VMPersonalCenterTableViewCell.xib */,
			);
			path = Cell;
			sourceTree = "<group>";
		};
		1832BF4F2072223C00FC83B0 /* Setup(设置) */ = {
			isa = PBXGroup;
			children = (
				1832BF5B20722D0000FC83B0 /* cell */,
				1832BF502072225400FC83B0 /* VMSetupViewController.h */,
				1832BF512072225400FC83B0 /* VMSetupViewController.m */,
				1832BF522072225400FC83B0 /* VMSetupViewController.xib */,
			);
			path = "Setup(设置)";
			sourceTree = "<group>";
		};
		1832BF5B20722D0000FC83B0 /* cell */ = {
			isa = PBXGroup;
			children = (
				1832BF5C20722D0000FC83B0 /* VMSetupTableViewCell.xib */,
				1832BF5D20722D0000FC83B0 /* VMSetupTableViewCell.h */,
				1832BF5E20722D0000FC83B0 /* VMSetupTableViewCell.m */,
			);
			path = cell;
			sourceTree = "<group>";
		};
		1832BF62207317DC00FC83B0 /* Help(帮助中心) */ = {
			isa = PBXGroup;
			children = (
				1832BF63207317F000FC83B0 /* VMHelpViewController.h */,
				1832BF64207317F000FC83B0 /* VMHelpViewController.m */,
				1832BF65207317F000FC83B0 /* VMHelpViewController.xib */,
			);
			path = "Help(帮助中心)";
			sourceTree = "<group>";
		};
		185B1DD3206E090600816924 /* TabBarViewController */ = {
			isa = PBXGroup;
			children = (
				185B1DD4206E092700816924 /* CustomerTabBarView.h */,
				185B1DD5206E092700816924 /* CustomerTabBarView.m */,
				185B1DD9206E096300816924 /* CustomerTabBarView.xib */,
				185B1DDE206E0EAF00816924 /* VMCustomTabBar.h */,
				185B1DDF206E0EAF00816924 /* VMCustomTabBar.m */,
				185B1DDB206E0DA600816924 /* VMTabBarController.h */,
				185B1DDC206E0DA600816924 /* VMTabBarController.m */,
			);
			path = TabBarViewController;
			sourceTree = "<group>";
		};
		185B1DE1206E11AA00816924 /* ViewControllers */ = {
			isa = PBXGroup;
			children = (
				1832BF62207317DC00FC83B0 /* Help(帮助中心) */,
				1832BF4F2072223C00FC83B0 /* Setup(设置) */,
				1832BF1B20720C5500FC83B0 /* PersonalCenter(个人中心) */,
				185B1DE2206E11AA00816924 /* NewTask(新任务) */,
				185B1DE3206E11AA00816924 /* WaitPickUp(待取货) */,
				185B1DE4206E11AA00816924 /* DeliveryOrder(配送中) */,
			);
			path = ViewControllers;
			sourceTree = "<group>";
		};
		185B1DE2206E11AA00816924 /* NewTask(新任务) */ = {
			isa = PBXGroup;
			children = (
				185B1DF4206E24B800816924 /* Cell */,
				185B1DE5206E11FC00816924 /* VMNewTaskViewController.h */,
				185B1DE6206E11FC00816924 /* VMNewTaskViewController.m */,
			);
			path = "NewTask(新任务)";
			sourceTree = "<group>";
		};
		185B1DE3206E11AA00816924 /* WaitPickUp(待取货) */ = {
			isa = PBXGroup;
			children = (
				1832BF142071DE1A00FC83B0 /* Cell */,
				185B1DEB206E15D000816924 /* VMWaitPickUpViewController.h */,
				185B1DEC206E15D000816924 /* VMWaitPickUpViewController.m */,
			);
			path = "WaitPickUp(待取货)";
			sourceTree = "<group>";
		};
		185B1DE4206E11AA00816924 /* DeliveryOrder(配送中) */ = {
			isa = PBXGroup;
			children = (
				185B1DEE206E15E600816924 /* VMDeliveryOrderViewController.h */,
				185B1DEF206E15E600816924 /* VMDeliveryOrderViewController.m */,
			);
			path = "DeliveryOrder(配送中)";
			sourceTree = "<group>";
		};
		185B1DF4206E24B800816924 /* Cell */ = {
			isa = PBXGroup;
			children = (
				185B1DF5206E24CD00816924 /* VMNewTaskTableViewCell.h */,
				185B1DF6206E24CD00816924 /* VMNewTaskTableViewCell.m */,
				185B1DF7206E24CD00816924 /* VMNewTaskTableViewCell.xib */,
			);
			path = Cell;
			sourceTree = "<group>";
		};
		18CC2204206CBBED007E1274 = {
			isa = PBXGroup;
			children = (
				18CC220F206CBBED007E1274 /* VegetableManagement */,
				18CC220E206CBBED007E1274 /* Products */,
				92EFF8B6C8CA4ED163A2FE10 /* Pods */,
				A4D4BD2F8C765B39FBEE5755 /* Frameworks */,
			);
			sourceTree = "<group>";
		};
		18CC220E206CBBED007E1274 /* Products */ = {
			isa = PBXGroup;
			children = (
				18CC220D206CBBED007E1274 /* VegetableManagement.app */,
			);
			name = Products;
			sourceTree = "<group>";
		};
		18CC220F206CBBED007E1274 /* VegetableManagement */ = {
			isa = PBXGroup;
			children = (
				185B1DE1206E11AA00816924 /* ViewControllers */,
				185B1DD3206E090600816924 /* TabBarViewController */,
				18CC2236206CD5E9007E1274 /* BaseViewController */,
				18CC223B206CD5E9007E1274 /* Tools */,
				18CC2210206CBBED007E1274 /* AppDelegate.h */,
				18CC2211206CBBED007E1274 /* AppDelegate.m */,
				18CC2219206CBBED007E1274 /* Assets.xcassets */,
				18CC221E206CBBED007E1274 /* Info.plist */,
				18CC221F206CBBED007E1274 /* main.m */,
			);
			path = VegetableManagement;
			sourceTree = "<group>";
		};
		18CC2236206CD5E9007E1274 /* BaseViewController */ = {
			isa = PBXGroup;
			children = (
				185B1DF2206E161800816924 /* BaseTableViewController.h */,
				185B1DF1206E161800816924 /* BaseTableViewController.m */,
				18CC2239206CD5E9007E1274 /* BaseViewController.h */,
				18CC2237206CD5E9007E1274 /* BaseViewController.m */,
				185B1DE8206E154200816924 /* VMNavigationController.h */,
				185B1DE9206E154200816924 /* VMNavigationController.m */,
			);
			path = BaseViewController;
			sourceTree = "<group>";
		};
		18CC223B206CD5E9007E1274 /* Tools */ = {
			isa = PBXGroup;
			children = (
				18CC223C206CD5E9007E1274 /* VegetableHeaderFile.pch */,
				18CC223D206CD5E9007E1274 /* CommonTools.m */,
				18CC223F206CD5E9007E1274 /* CommonTools.h */,
			);
			path = Tools;
			sourceTree = "<group>";
		};
		92EFF8B6C8CA4ED163A2FE10 /* Pods */ = {
			isa = PBXGroup;
			children = (
				75D29ADE452037068377BC3C /* Pods-VegetableManagement.debug.xcconfig */,
				E929BAB2B45D3F3CF0BCC35C /* Pods-VegetableManagement.release.xcconfig */,
			);
			name = Pods;
			sourceTree = "<group>";
		};
		A4D4BD2F8C765B39FBEE5755 /* Frameworks */ = {
			isa = PBXGroup;
			children = (
				D83F405C6F6A6BB5575622E0 /* Pods_VegetableManagement.framework */,
			);
			name = Frameworks;
			sourceTree = "<group>";
		};
/* End PBXGroup section */

/* Begin PBXNativeTarget section */
		18CC220C206CBBED007E1274 /* VegetableManagement */ = {
			isa = PBXNativeTarget;
			buildConfigurationList = 18CC2223206CBBED007E1274 /* Build configuration list for PBXNativeTarget "VegetableManagement" */;
			buildPhases = (
				55D914DB6E642F430FE1C954 /* [CP] Check Pods Manifest.lock */,
				18CC2209206CBBED007E1274 /* Sources */,
				18CC220A206CBBED007E1274 /* Frameworks */,
				18CC220B206CBBED007E1274 /* Resources */,
				4520534B2AAF8E5D48F0A004 /* [CP] Embed Pods Frameworks */,
				336B0301A3216D952F20DD47 /* [CP] Copy Pods Resources */,
			);
			buildRules = (
			);
			dependencies = (
			);
			name = VegetableManagement;
			productName = VegetableManagement;
			productReference = 18CC220D206CBBED007E1274 /* VegetableManagement.app */;
			productType = "com.apple.product-type.application";
		};
/* End PBXNativeTarget section */

/* Begin PBXProject section */
		18CC2205206CBBED007E1274 /* Project object */ = {
			isa = PBXProject;
			attributes = {
				CLASSPREFIX = VM;
				LastUpgradeCheck = 0930;
				ORGANIZATIONNAME = Apple;
				TargetAttributes = {
					18CC220C206CBBED007E1274 = {
						CreatedOnToolsVersion = 9.2;
						ProvisioningStyle = Automatic;
					};
				};
			};
			buildConfigurationList = 18CC2208206CBBED007E1274 /* Build configuration list for PBXProject "VegetableManagement" */;
			compatibilityVersion = "Xcode 8.0";
			developmentRegion = en;
			hasScannedForEncodings = 0;
			knownRegions = (
				en,
				Base,
			);
			mainGroup = 18CC2204206CBBED007E1274;
			productRefGroup = 18CC220E206CBBED007E1274 /* Products */;
			projectDirPath = "";
			projectRoot = "";
			targets = (
				18CC220C206CBBED007E1274 /* VegetableManagement */,
			);
		};
/* End PBXProject section */

/* Begin PBXResourcesBuildPhase section */
		18CC220B206CBBED007E1274 /* Resources */ = {
			isa = PBXResourcesBuildPhase;
			buildActionMask = 2147483647;
			files = (
				1832BF5F20722D0000FC83B0 /* VMSetupTableViewCell.xib in Resources */,
				185B1DF9206E24CD00816924 /* VMNewTaskTableViewCell.xib in Resources */,
				1832BF26207215FC00FC83B0 /* VMPersonalCenterTableViewCell.xib in Resources */,
				1832BF2020720FFC00FC83B0 /* VMPersonalCenterViewController.xib in Resources */,
				1832BF542072225400FC83B0 /* VMSetupViewController.xib in Resources */,
				1832BF192071DE1B00FC83B0 /* VMWaitPickUpTableViewCell.xib in Resources */,
				185B1DDA206E096300816924 /* CustomerTabBarView.xib in Resources */,
				18CC221A206CBBED007E1274 /* Assets.xcassets in Resources */,
				1832BF67207317F000FC83B0 /* VMHelpViewController.xib in Resources */,
			);
			runOnlyForDeploymentPostprocessing = 0;
		};
/* End PBXResourcesBuildPhase section */

/* Begin PBXShellScriptBuildPhase section */
		336B0301A3216D952F20DD47 /* [CP] Copy Pods Resources */ = {
			isa = PBXShellScriptBuildPhase;
			buildActionMask = 2147483647;
			files = (
			);
			inputPaths = (
				"${SRCROOT}/Pods/Target Support Files/Pods-VegetableManagement/Pods-VegetableManagement-resources.sh",
				"${PODS_ROOT}/AMap3DMap/MAMapKit.framework/AMap.bundle",
				"${PODS_ROOT}/AMapNavi/AMapNaviKit.framework/AMapNavi.bundle",
			);
			name = "[CP] Copy Pods Resources";
			outputPaths = (
				"${TARGET_BUILD_DIR}/${UNLOCALIZED_RESOURCES_FOLDER_PATH}/AMap.bundle",
				"${TARGET_BUILD_DIR}/${UNLOCALIZED_RESOURCES_FOLDER_PATH}/AMapNavi.bundle",
			);
			runOnlyForDeploymentPostprocessing = 0;
			shellPath = /bin/sh;
			shellScript = "\"${SRCROOT}/Pods/Target Support Files/Pods-VegetableManagement/Pods-VegetableManagement-resources.sh\"\n";
			showEnvVarsInLog = 0;
		};
		4520534B2AAF8E5D48F0A004 /* [CP] Embed Pods Frameworks */ = {
			isa = PBXShellScriptBuildPhase;
			buildActionMask = 2147483647;
			files = (
			);
			inputPaths = (
				"${SRCROOT}/Pods/Target Support Files/Pods-VegetableManagement/Pods-VegetableManagement-frameworks.sh",
				"${BUILT_PRODUCTS_DIR}/AFDownloadRequestOperation/AFDownloadRequestOperation.framework",
				"${BUILT_PRODUCTS_DIR}/AFNetworking/AFNetworking.framework",
				"${BUILT_PRODUCTS_DIR}/DZNEmptyDataSet/DZNEmptyDataSet.framework",
				"${BUILT_PRODUCTS_DIR}/IQKeyboardManager/IQKeyboardManager.framework",
				"${BUILT_PRODUCTS_DIR}/MJRefresh/MJRefresh.framework",
				"${BUILT_PRODUCTS_DIR}/Masonry/Masonry.framework",
				"${BUILT_PRODUCTS_DIR}/ReactiveObjC/ReactiveObjC.framework",
				"${BUILT_PRODUCTS_DIR}/Realm/Realm.framework",
				"${BUILT_PRODUCTS_DIR}/SDWebImage/SDWebImage.framework",
				"${BUILT_PRODUCTS_DIR}/SVProgressHUD/SVProgressHUD.framework",
				"${BUILT_PRODUCTS_DIR}/YTKNetwork/YTKNetwork.framework",
				"${BUILT_PRODUCTS_DIR}/YYModel/YYModel.framework",
			);
			name = "[CP] Embed Pods Frameworks";
			outputPaths = (
				"${TARGET_BUILD_DIR}/${FRAMEWORKS_FOLDER_PATH}/AFDownloadRequestOperation.framework",
				"${TARGET_BUILD_DIR}/${FRAMEWORKS_FOLDER_PATH}/AFNetworking.framework",
				"${TARGET_BUILD_DIR}/${FRAMEWORKS_FOLDER_PATH}/DZNEmptyDataSet.framework",
				"${TARGET_BUILD_DIR}/${FRAMEWORKS_FOLDER_PATH}/IQKeyboardManager.framework",
				"${TARGET_BUILD_DIR}/${FRAMEWORKS_FOLDER_PATH}/MJRefresh.framework",
				"${TARGET_BUILD_DIR}/${FRAMEWORKS_FOLDER_PATH}/Masonry.framework",
				"${TARGET_BUILD_DIR}/${FRAMEWORKS_FOLDER_PATH}/ReactiveObjC.framework",
				"${TARGET_BUILD_DIR}/${FRAMEWORKS_FOLDER_PATH}/Realm.framework",
				"${TARGET_BUILD_DIR}/${FRAMEWORKS_FOLDER_PATH}/SDWebImage.framework",
				"${TARGET_BUILD_DIR}/${FRAMEWORKS_FOLDER_PATH}/SVProgressHUD.framework",
				"${TARGET_BUILD_DIR}/${FRAMEWORKS_FOLDER_PATH}/YTKNetwork.framework",
				"${TARGET_BUILD_DIR}/${FRAMEWORKS_FOLDER_PATH}/YYModel.framework",
			);
			runOnlyForDeploymentPostprocessing = 0;
			shellPath = /bin/sh;
			shellScript = "\"${SRCROOT}/Pods/Target Support Files/Pods-VegetableManagement/Pods-VegetableManagement-frameworks.sh\"\n";
			showEnvVarsInLog = 0;
		};
		55D914DB6E642F430FE1C954 /* [CP] Check Pods Manifest.lock */ = {
			isa = PBXShellScriptBuildPhase;
			buildActionMask = 2147483647;
			files = (
			);
			inputPaths = (
				"${PODS_PODFILE_DIR_PATH}/Podfile.lock",
				"${PODS_ROOT}/Manifest.lock",
			);
			name = "[CP] Check Pods Manifest.lock";
			outputPaths = (
				"$(DERIVED_FILE_DIR)/Pods-VegetableManagement-checkManifestLockResult.txt",
			);
			runOnlyForDeploymentPostprocessing = 0;
			shellPath = /bin/sh;
			shellScript = "diff \"${PODS_PODFILE_DIR_PATH}/Podfile.lock\" \"${PODS_ROOT}/Manifest.lock\" > /dev/null\nif [ $? != 0 ] ; then\n    # print error to STDERR\n    echo \"error: The sandbox is not in sync with the Podfile.lock. Run 'pod install' or update your CocoaPods installation.\" >&2\n    exit 1\nfi\n# This output is used by Xcode 'outputs' to avoid re-running this script phase.\necho \"SUCCESS\" > \"${SCRIPT_OUTPUT_FILE_0}\"\n";
			showEnvVarsInLog = 0;
		};
/* End PBXShellScriptBuildPhase section */

/* Begin PBXSourcesBuildPhase section */
		18CC2209206CBBED007E1274 /* Sources */ = {
			isa = PBXSourcesBuildPhase;
			buildActionMask = 2147483647;
			files = (
				185B1DF0206E15E600816924 /* VMDeliveryOrderViewController.m in Sources */,
				18CC2220206CBBED007E1274 /* main.m in Sources */,
				18CC2240206CD5E9007E1274 /* BaseViewController.m in Sources */,
				185B1DE7206E11FC00816924 /* VMNewTaskViewController.m in Sources */,
				185B1DDD206E0DA600816924 /* VMTabBarController.m in Sources */,
				1832BF25207215FC00FC83B0 /* VMPersonalCenterTableViewCell.m in Sources */,
				18CC2212206CBBED007E1274 /* AppDelegate.m in Sources */,
				185B1DE0206E0EAF00816924 /* VMCustomTabBar.m in Sources */,
				1832BF1F20720FFC00FC83B0 /* VMPersonalCenterViewController.m in Sources */,
				185B1DF3206E161900816924 /* BaseTableViewController.m in Sources */,
				185B1DD6206E092700816924 /* CustomerTabBarView.m in Sources */,
				1832BF182071DE1B00FC83B0 /* VMWaitPickUpTableViewCell.m in Sources */,
				1832BF6020722D0000FC83B0 /* VMSetupTableViewCell.m in Sources */,
				185B1DEA206E154200816924 /* VMNavigationController.m in Sources */,
				18CC2242206CD5E9007E1274 /* CommonTools.m in Sources */,
				1832BF66207317F000FC83B0 /* VMHelpViewController.m in Sources */,
				185B1DED206E15D000816924 /* VMWaitPickUpViewController.m in Sources */,
				1832BF532072225400FC83B0 /* VMSetupViewController.m in Sources */,
				185B1DF8206E24CD00816924 /* VMNewTaskTableViewCell.m in Sources */,
			);
			runOnlyForDeploymentPostprocessing = 0;
		};
/* End PBXSourcesBuildPhase section */

/* Begin XCBuildConfiguration section */
		18CC2221206CBBED007E1274 /* Debug */ = {
			isa = XCBuildConfiguration;
			buildSettings = {
				ALWAYS_SEARCH_USER_PATHS = NO;
				CLANG_ANALYZER_NONNULL = YES;
				CLANG_ANALYZER_NUMBER_OBJECT_CONVERSION = YES_AGGRESSIVE;
				CLANG_CXX_LANGUAGE_STANDARD = "gnu++14";
				CLANG_CXX_LIBRARY = "libc++";
				CLANG_ENABLE_MODULES = YES;
				CLANG_ENABLE_OBJC_ARC = YES;
				CLANG_WARN_BLOCK_CAPTURE_AUTORELEASING = YES;
				CLANG_WARN_BOOL_CONVERSION = YES;
				CLANG_WARN_COMMA = YES;
				CLANG_WARN_CONSTANT_CONVERSION = YES;
				CLANG_WARN_DEPRECATED_OBJC_IMPLEMENTATIONS = YES;
				CLANG_WARN_DIRECT_OBJC_ISA_USAGE = YES_ERROR;
				CLANG_WARN_DOCUMENTATION_COMMENTS = YES;
				CLANG_WARN_EMPTY_BODY = YES;
				CLANG_WARN_ENUM_CONVERSION = YES;
				CLANG_WARN_INFINITE_RECURSION = YES;
				CLANG_WARN_INT_CONVERSION = YES;
				CLANG_WARN_NON_LITERAL_NULL_CONVERSION = YES;
				CLANG_WARN_OBJC_IMPLICIT_RETAIN_SELF = YES;
				CLANG_WARN_OBJC_LITERAL_CONVERSION = YES;
				CLANG_WARN_OBJC_ROOT_CLASS = YES_ERROR;
				CLANG_WARN_RANGE_LOOP_ANALYSIS = YES;
				CLANG_WARN_STRICT_PROTOTYPES = YES;
				CLANG_WARN_SUSPICIOUS_MOVE = YES;
				CLANG_WARN_UNGUARDED_AVAILABILITY = YES_AGGRESSIVE;
				CLANG_WARN_UNREACHABLE_CODE = YES;
				CLANG_WARN__DUPLICATE_METHOD_MATCH = YES;
				CODE_SIGN_IDENTITY = "iPhone Developer";
				COPY_PHASE_STRIP = NO;
				DEBUG_INFORMATION_FORMAT = dwarf;
				ENABLE_STRICT_OBJC_MSGSEND = YES;
				ENABLE_TESTABILITY = YES;
				GCC_C_LANGUAGE_STANDARD = gnu11;
				GCC_DYNAMIC_NO_PIC = NO;
				GCC_NO_COMMON_BLOCKS = YES;
				GCC_OPTIMIZATION_LEVEL = 0;
				GCC_PREPROCESSOR_DEFINITIONS = (
					"DEBUG=1",
					"$(inherited)",
				);
				GCC_WARN_64_TO_32_BIT_CONVERSION = YES;
				GCC_WARN_ABOUT_RETURN_TYPE = YES_ERROR;
				GCC_WARN_UNDECLARED_SELECTOR = YES;
				GCC_WARN_UNINITIALIZED_AUTOS = YES_AGGRESSIVE;
				GCC_WARN_UNUSED_FUNCTION = YES;
				GCC_WARN_UNUSED_VARIABLE = YES;
				IPHONEOS_DEPLOYMENT_TARGET = 11.2;
				MTL_ENABLE_DEBUG_INFO = YES;
				ONLY_ACTIVE_ARCH = YES;
				SDKROOT = iphoneos;
			};
			name = Debug;
		};
		18CC2222206CBBED007E1274 /* Release */ = {
			isa = XCBuildConfiguration;
			buildSettings = {
				ALWAYS_SEARCH_USER_PATHS = NO;
				CLANG_ANALYZER_NONNULL = YES;
				CLANG_ANALYZER_NUMBER_OBJECT_CONVERSION = YES_AGGRESSIVE;
				CLANG_CXX_LANGUAGE_STANDARD = "gnu++14";
				CLANG_CXX_LIBRARY = "libc++";
				CLANG_ENABLE_MODULES = YES;
				CLANG_ENABLE_OBJC_ARC = YES;
				CLANG_WARN_BLOCK_CAPTURE_AUTORELEASING = YES;
				CLANG_WARN_BOOL_CONVERSION = YES;
				CLANG_WARN_COMMA = YES;
				CLANG_WARN_CONSTANT_CONVERSION = YES;
				CLANG_WARN_DEPRECATED_OBJC_IMPLEMENTATIONS = YES;
				CLANG_WARN_DIRECT_OBJC_ISA_USAGE = YES_ERROR;
				CLANG_WARN_DOCUMENTATION_COMMENTS = YES;
				CLANG_WARN_EMPTY_BODY = YES;
				CLANG_WARN_ENUM_CONVERSION = YES;
				CLANG_WARN_INFINITE_RECURSION = YES;
				CLANG_WARN_INT_CONVERSION = YES;
				CLANG_WARN_NON_LITERAL_NULL_CONVERSION = YES;
				CLANG_WARN_OBJC_IMPLICIT_RETAIN_SELF = YES;
				CLANG_WARN_OBJC_LITERAL_CONVERSION = YES;
				CLANG_WARN_OBJC_ROOT_CLASS = YES_ERROR;
				CLANG_WARN_RANGE_LOOP_ANALYSIS = YES;
				CLANG_WARN_STRICT_PROTOTYPES = YES;
				CLANG_WARN_SUSPICIOUS_MOVE = YES;
				CLANG_WARN_UNGUARDED_AVAILABILITY = YES_AGGRESSIVE;
				CLANG_WARN_UNREACHABLE_CODE = YES;
				CLANG_WARN__DUPLICATE_METHOD_MATCH = YES;
				CODE_SIGN_IDENTITY = "iPhone Developer";
				COPY_PHASE_STRIP = NO;
				DEBUG_INFORMATION_FORMAT = "dwarf-with-dsym";
				ENABLE_NS_ASSERTIONS = NO;
				ENABLE_STRICT_OBJC_MSGSEND = YES;
				GCC_C_LANGUAGE_STANDARD = gnu11;
				GCC_NO_COMMON_BLOCKS = YES;
				GCC_WARN_64_TO_32_BIT_CONVERSION = YES;
				GCC_WARN_ABOUT_RETURN_TYPE = YES_ERROR;
				GCC_WARN_UNDECLARED_SELECTOR = YES;
				GCC_WARN_UNINITIALIZED_AUTOS = YES_AGGRESSIVE;
				GCC_WARN_UNUSED_FUNCTION = YES;
				GCC_WARN_UNUSED_VARIABLE = YES;
				IPHONEOS_DEPLOYMENT_TARGET = 11.2;
				MTL_ENABLE_DEBUG_INFO = NO;
				SDKROOT = iphoneos;
				VALIDATE_PRODUCT = YES;
			};
			name = Release;
		};
		18CC2224206CBBED007E1274 /* Debug */ = {
			isa = XCBuildConfiguration;
			baseConfigurationReference = 75D29ADE452037068377BC3C /* Pods-VegetableManagement.debug.xcconfig */;
			buildSettings = {
				ASSETCATALOG_COMPILER_APPICON_NAME = AppIcon;
				ASSETCATALOG_COMPILER_LAUNCHIMAGE_NAME = LaunchImage;
				CODE_SIGN_STYLE = Automatic;
				DEVELOPMENT_TEAM = H3VBM36K4M;
				GCC_PREFIX_HEADER = "$(SRCROOT)/VegetableManagement/Tools/VegetableHeaderFile.pch";
				INFOPLIST_FILE = VegetableManagement/Info.plist;
				LD_RUNPATH_SEARCH_PATHS = "$(inherited) @executable_path/Frameworks";
				PRODUCT_BUNDLE_IDENTIFIER = com.lubao.VegetableManagement;
				PRODUCT_NAME = "$(TARGET_NAME)";
				TARGETED_DEVICE_FAMILY = "1,2";
			};
			name = Debug;
		};
		18CC2225206CBBED007E1274 /* Release */ = {
			isa = XCBuildConfiguration;
			baseConfigurationReference = E929BAB2B45D3F3CF0BCC35C /* Pods-VegetableManagement.release.xcconfig */;
			buildSettings = {
				ASSETCATALOG_COMPILER_APPICON_NAME = AppIcon;
				ASSETCATALOG_COMPILER_LAUNCHIMAGE_NAME = LaunchImage;
				CODE_SIGN_STYLE = Automatic;
				DEVELOPMENT_TEAM = H3VBM36K4M;
				GCC_PREFIX_HEADER = "$(SRCROOT)/VegetableManagement/Tools/VegetableHeaderFile.pch";
				INFOPLIST_FILE = VegetableManagement/Info.plist;
				LD_RUNPATH_SEARCH_PATHS = "$(inherited) @executable_path/Frameworks";
				PRODUCT_BUNDLE_IDENTIFIER = com.lubao.VegetableManagement;
				PRODUCT_NAME = "$(TARGET_NAME)";
				TARGETED_DEVICE_FAMILY = "1,2";
			};
			name = Release;
		};
/* End XCBuildConfiguration section */

/* Begin XCConfigurationList section */
		18CC2208206CBBED007E1274 /* Build configuration list for PBXProject "VegetableManagement" */ = {
			isa = XCConfigurationList;
			buildConfigurations = (
				18CC2221206CBBED007E1274 /* Debug */,
				18CC2222206CBBED007E1274 /* Release */,
			);
			defaultConfigurationIsVisible = 0;
			defaultConfigurationName = Release;
		};
		18CC2223206CBBED007E1274 /* Build configuration list for PBXNativeTarget "VegetableManagement" */ = {
			isa = XCConfigurationList;
			buildConfigurations = (
				18CC2224206CBBED007E1274 /* Debug */,
				18CC2225206CBBED007E1274 /* Release */,
			);
			defaultConfigurationIsVisible = 0;
			defaultConfigurationName = Release;
		};
/* End XCConfigurationList section */
	};
	rootObject = 18CC2205206CBBED007E1274 /* Project object */;
}
